// !$*UTF8*$!
{
	archiveVersion = 1;
	classes = {
	};
	objectVersion = 52;
	objects = {

/* Begin PBXBuildFile section */
		840B90E726261AC800772A98 /* XCTestCase+MemoryLeakTracking.swift in Sources */ = {isa = PBXBuildFile; fileRef = 840B90E626261AC800772A98 /* XCTestCase+MemoryLeakTracking.swift */; };
		840B90ED2626AEEE00772A98 /* URLSessionHTTPClient.swift in Sources */ = {isa = PBXBuildFile; fileRef = 840B90EC2626AEEE00772A98 /* URLSessionHTTPClient.swift */; };
		840B914B2628021000772A98 /* EssentialFeedAPIEndToEndTests.swift in Sources */ = {isa = PBXBuildFile; fileRef = 840B914A2628021000772A98 /* EssentialFeedAPIEndToEndTests.swift */; };
		840B914D2628021000772A98 /* EssentialFeed.framework in Frameworks */ = {isa = PBXBuildFile; fileRef = 84BC21C9261F8DF4009FF718 /* EssentialFeed.framework */; };
		840B915626280D2500772A98 /* XCTestCase+MemoryLeakTracking.swift in Sources */ = {isa = PBXBuildFile; fileRef = 840B90E626261AC800772A98 /* XCTestCase+MemoryLeakTracking.swift */; };
		84284456265E91000079B366 /* FeedPresenter.swift in Sources */ = {isa = PBXBuildFile; fileRef = 84284455265E91000079B366 /* FeedPresenter.swift */; };
		845A99E82635727700B8C5EE /* FeedStoreSpecs.swift in Sources */ = {isa = PBXBuildFile; fileRef = 845A99E72635727700B8C5EE /* FeedStoreSpecs.swift */; };
		845A99ED2635735300B8C5EE /* XCTestCase+FeedStoreSpecs.swift in Sources */ = {isa = PBXBuildFile; fileRef = 845A99EC2635735300B8C5EE /* XCTestCase+FeedStoreSpecs.swift */; };
		845A99F22635DD7A00B8C5EE /* XCTestCase+FailableDeleteFeedStoreSpecs.swift in Sources */ = {isa = PBXBuildFile; fileRef = 845A99F12635DD7A00B8C5EE /* XCTestCase+FailableDeleteFeedStoreSpecs.swift */; };
		845A99F72635DECE00B8C5EE /* XCTestCase+FailableRetrieveFeedStoreSpecs.swift in Sources */ = {isa = PBXBuildFile; fileRef = 845A99F62635DECE00B8C5EE /* XCTestCase+FailableRetrieveFeedStoreSpecs.swift */; };
		845A99FC2635E66100B8C5EE /* XCTestCase+FailableInsertFeedStoreSpecs.swift in Sources */ = {isa = PBXBuildFile; fileRef = 845A99FB2635E66100B8C5EE /* XCTestCase+FailableInsertFeedStoreSpecs.swift */; };
		847A1CD2265A11AB0089F45E /* FeedImageCell.swift in Sources */ = {isa = PBXBuildFile; fileRef = 847A1CD1265A11AA0089F45E /* FeedImageCell.swift */; };
		847A1CD9265A62D60089F45E /* UIView+Shimmering.swift in Sources */ = {isa = PBXBuildFile; fileRef = 847A1CD8265A62D50089F45E /* UIView+Shimmering.swift */; };
		847A1CEE265BBC380089F45E /* FeedImageDataLoader.swift in Sources */ = {isa = PBXBuildFile; fileRef = 847A1CED265BBC380089F45E /* FeedImageDataLoader.swift */; };
		847A1CFB265BCCA20089F45E /* FeedRefreshViewController.swift in Sources */ = {isa = PBXBuildFile; fileRef = 847A1CFA265BCCA20089F45E /* FeedRefreshViewController.swift */; };
		847A1D02265BDA3E0089F45E /* FeedImageCellController.swift in Sources */ = {isa = PBXBuildFile; fileRef = 847A1D01265BDA3E0089F45E /* FeedImageCellController.swift */; };
		847A1D0A265BE75D0089F45E /* FeedUIComposer.swift in Sources */ = {isa = PBXBuildFile; fileRef = 847A1D09265BE75D0089F45E /* FeedUIComposer.swift */; };
		84A05F2B262C87230061079E /* CacheFeedUseCaseTests.swift in Sources */ = {isa = PBXBuildFile; fileRef = 84A05F2A262C87230061079E /* CacheFeedUseCaseTests.swift */; };
		84A05F37262DAF140061079E /* LocalFeedLoader.swift in Sources */ = {isa = PBXBuildFile; fileRef = 84A05F36262DAF140061079E /* LocalFeedLoader.swift */; };
		84A05F3C262DB16A0061079E /* FeedStore.swift in Sources */ = {isa = PBXBuildFile; fileRef = 84A05F3B262DB16A0061079E /* FeedStore.swift */; };
		84A05F95262E0B1D0061079E /* RemoteFeedItem.swift in Sources */ = {isa = PBXBuildFile; fileRef = 84A05F94262E0B1D0061079E /* RemoteFeedItem.swift */; };
		84A05F9A262E0B6F0061079E /* LocalFeedImage.swift in Sources */ = {isa = PBXBuildFile; fileRef = 84A05F99262E0B6F0061079E /* LocalFeedImage.swift */; };
		84A05FA2262E9DC60061079E /* LoadFeedFromCacheUseCaseTests.swift in Sources */ = {isa = PBXBuildFile; fileRef = 84A05FA1262E9DC60061079E /* LoadFeedFromCacheUseCaseTests.swift */; };
		84A05FA8262EA06F0061079E /* FeedStoreSpy.swift in Sources */ = {isa = PBXBuildFile; fileRef = 84A05FA7262EA06F0061079E /* FeedStoreSpy.swift */; };
		84B4EEC42648DE69002B726C /* EssentialFeediOS.framework in Frameworks */ = {isa = PBXBuildFile; fileRef = 84B4EEBB2648DE68002B726C /* EssentialFeediOS.framework */; };
		84B4EF022649AD73002B726C /* FeedViewControllerTests.swift in Sources */ = {isa = PBXBuildFile; fileRef = 84B4EF012649AD73002B726C /* FeedViewControllerTests.swift */; };
		84B4EF162649B5D7002B726C /* EssentialFeed.framework in Frameworks */ = {isa = PBXBuildFile; fileRef = 84BC21C9261F8DF4009FF718 /* EssentialFeed.framework */; platformFilter = ios; };
		84B4EF172649B5D7002B726C /* EssentialFeed.framework in Embed Frameworks */ = {isa = PBXBuildFile; fileRef = 84BC21C9261F8DF4009FF718 /* EssentialFeed.framework */; platformFilter = ios; settings = {ATTRIBUTES = (CodeSignOnCopy, RemoveHeadersOnCopy, ); }; };
		84B4EF20264A3BF4002B726C /* XCTestCase+MemoryLeakTracking.swift in Sources */ = {isa = PBXBuildFile; fileRef = 840B90E626261AC800772A98 /* XCTestCase+MemoryLeakTracking.swift */; };
		84B4EF27264A4F2B002B726C /* FeedViewController.swift in Sources */ = {isa = PBXBuildFile; fileRef = 84B4EF26264A4F2B002B726C /* FeedViewController.swift */; };
		84BC21D3261F8DF4009FF718 /* EssentialFeed.framework in Frameworks */ = {isa = PBXBuildFile; fileRef = 84BC21C9261F8DF4009FF718 /* EssentialFeed.framework */; };
		84BC21EA261F8E1D009FF718 /* FeedItem.swift in Sources */ = {isa = PBXBuildFile; fileRef = 84BC21E9261F8E1D009FF718 /* FeedItem.swift */; };
		84BC21EE261F8FF7009FF718 /* FeedLoader.swift in Sources */ = {isa = PBXBuildFile; fileRef = 84BC21ED261F8FF7009FF718 /* FeedLoader.swift */; };
		84BC21F5262016B8009FF718 /* LoadFeedFromRemoteUseCaseTests.swift in Sources */ = {isa = PBXBuildFile; fileRef = 84BC21F4262016B8009FF718 /* LoadFeedFromRemoteUseCaseTests.swift */; };
		84BC22212620D986009FF718 /* RemoteFeedLoader.swift in Sources */ = {isa = PBXBuildFile; fileRef = 84BC22202620D986009FF718 /* RemoteFeedLoader.swift */; };
		84BC22302622AFA0009FF718 /* HTTPClient.swift in Sources */ = {isa = PBXBuildFile; fileRef = 84BC222F2622AFA0009FF718 /* HTTPClient.swift */; };
		84BC22342622B034009FF718 /* FeedItemsMapper.swift in Sources */ = {isa = PBXBuildFile; fileRef = 84BC22332622B034009FF718 /* FeedItemsMapper.swift */; };
		84BCA2C12630A62D00FB29BC /* ValidateFeedCacheUseCaseTests.swift in Sources */ = {isa = PBXBuildFile; fileRef = 84BCA2C02630A62D00FB29BC /* ValidateFeedCacheUseCaseTests.swift */; };
		84BCA2C62630AC6500FB29BC /* FeedCacheTestHelpers.swift in Sources */ = {isa = PBXBuildFile; fileRef = 84BCA2C52630AC6500FB29BC /* FeedCacheTestHelpers.swift */; };
		84BCA2CB2630AE5400FB29BC /* SharedTestHelpers.swift in Sources */ = {isa = PBXBuildFile; fileRef = 84BCA2CA2630AE5400FB29BC /* SharedTestHelpers.swift */; };
		84BD65EC2624CC64001D85C4 /* URLSessionHTTPClientTest.swift in Sources */ = {isa = PBXBuildFile; fileRef = 84BD65EB2624CC64001D85C4 /* URLSessionHTTPClientTest.swift */; };
		84D06EB8263FF1F20077087B /* CoreDataFeedStoreTests.swift in Sources */ = {isa = PBXBuildFile; fileRef = 84D06EB7263FF1F20077087B /* CoreDataFeedStoreTests.swift */; };
		84D06EBE263FFBCF0077087B /* FeedStore.xcdatamodeld in Sources */ = {isa = PBXBuildFile; fileRef = 84D06EBC263FFBCF0077087B /* FeedStore.xcdatamodeld */; };
		84D06EC3264006560077087B /* CoreDataFeedStore.swift in Sources */ = {isa = PBXBuildFile; fileRef = 84D06EC2264006560077087B /* CoreDataFeedStore.swift */; };
		84D06ED1264105DE0077087B /* CoreDataHelpers.swift in Sources */ = {isa = PBXBuildFile; fileRef = 84D06ED0264105DE0077087B /* CoreDataHelpers.swift */; };
		84D06ED6264106890077087B /* ManagedCache.swift in Sources */ = {isa = PBXBuildFile; fileRef = 84D06ED5264106890077087B /* ManagedCache.swift */; };
		84D06EDB264106C30077087B /* ManagedFeedImage.swift in Sources */ = {isa = PBXBuildFile; fileRef = 84D06EDA264106C30077087B /* ManagedFeedImage.swift */; };
		84D06EE626415FB10077087B /* EssentialFeedCacheIntegrationTests.swift in Sources */ = {isa = PBXBuildFile; fileRef = 84D06EE526415FB10077087B /* EssentialFeedCacheIntegrationTests.swift */; };
		84D06EE826415FB10077087B /* EssentialFeed.framework in Frameworks */ = {isa = PBXBuildFile; fileRef = 84BC21C9261F8DF4009FF718 /* EssentialFeed.framework */; };
		84D06EF22641670C0077087B /* XCTestCase+MemoryLeakTracking.swift in Sources */ = {isa = PBXBuildFile; fileRef = 840B90E626261AC800772A98 /* XCTestCase+MemoryLeakTracking.swift */; };
		84D06EF7264172570077087B /* FeedCacheTestHelpers.swift in Sources */ = {isa = PBXBuildFile; fileRef = 84BCA2C52630AC6500FB29BC /* FeedCacheTestHelpers.swift */; };
		84D06F012641734E0077087B /* SharedTestHelpers.swift in Sources */ = {isa = PBXBuildFile; fileRef = 84BCA2CA2630AE5400FB29BC /* SharedTestHelpers.swift */; };
		84F707BC2631FE800000CE5D /* FeedCachePolicy.swift in Sources */ = {isa = PBXBuildFile; fileRef = 84F707BB2631FE800000CE5D /* FeedCachePolicy.swift */; };
		84F707C1263348DC0000CE5D /* CodableFeedStoreTests.swift in Sources */ = {isa = PBXBuildFile; fileRef = 84F707C0263348DC0000CE5D /* CodableFeedStoreTests.swift */; };
		84F707C6263496AE0000CE5D /* CodableFeedStore.swift in Sources */ = {isa = PBXBuildFile; fileRef = 84F707C5263496AE0000CE5D /* CodableFeedStore.swift */; };
		84F95FD5265D2146001E9A34 /* FeedImageCellViewModel.swift in Sources */ = {isa = PBXBuildFile; fileRef = 84F95FD4265D2146001E9A34 /* FeedImageCellViewModel.swift */; };
/* End PBXBuildFile section */

/* Begin PBXContainerItemProxy section */
		840B914E2628021000772A98 /* PBXContainerItemProxy */ = {
			isa = PBXContainerItemProxy;
			containerPortal = 84BC21C0261F8DF4009FF718 /* Project object */;
			proxyType = 1;
			remoteGlobalIDString = 84BC21C8261F8DF4009FF718;
			remoteInfo = EssentialFeed;
		};
		84B4EEC52648DE69002B726C /* PBXContainerItemProxy */ = {
			isa = PBXContainerItemProxy;
			containerPortal = 84BC21C0261F8DF4009FF718 /* Project object */;
			proxyType = 1;
			remoteGlobalIDString = 84B4EEBA2648DE68002B726C;
			remoteInfo = EssentialFeediOS;
		};
		84B4EF182649B5D7002B726C /* PBXContainerItemProxy */ = {
			isa = PBXContainerItemProxy;
			containerPortal = 84BC21C0261F8DF4009FF718 /* Project object */;
			proxyType = 1;
			remoteGlobalIDString = 84BC21C8261F8DF4009FF718;
			remoteInfo = EssentialFeed;
		};
		84BC21D4261F8DF4009FF718 /* PBXContainerItemProxy */ = {
			isa = PBXContainerItemProxy;
			containerPortal = 84BC21C0261F8DF4009FF718 /* Project object */;
			proxyType = 1;
			remoteGlobalIDString = 84BC21C8261F8DF4009FF718;
			remoteInfo = EssentialFeed;
		};
		84D06EE926415FB10077087B /* PBXContainerItemProxy */ = {
			isa = PBXContainerItemProxy;
			containerPortal = 84BC21C0261F8DF4009FF718 /* Project object */;
			proxyType = 1;
			remoteGlobalIDString = 84BC21C8261F8DF4009FF718;
			remoteInfo = EssentialFeed;
		};
/* End PBXContainerItemProxy section */

/* Begin PBXCopyFilesBuildPhase section */
		84B4EF1A2649B5D7002B726C /* Embed Frameworks */ = {
			isa = PBXCopyFilesBuildPhase;
			buildActionMask = 2147483647;
			dstPath = "";
			dstSubfolderSpec = 10;
			files = (
				84B4EF172649B5D7002B726C /* EssentialFeed.framework in Embed Frameworks */,
			);
			name = "Embed Frameworks";
			runOnlyForDeploymentPostprocessing = 0;
		};
/* End PBXCopyFilesBuildPhase section */

/* Begin PBXFileReference section */
		840B90E626261AC800772A98 /* XCTestCase+MemoryLeakTracking.swift */ = {isa = PBXFileReference; lastKnownFileType = sourcecode.swift; path = "XCTestCase+MemoryLeakTracking.swift"; sourceTree = "<group>"; };
		840B90EC2626AEEE00772A98 /* URLSessionHTTPClient.swift */ = {isa = PBXFileReference; lastKnownFileType = sourcecode.swift; path = URLSessionHTTPClient.swift; sourceTree = "<group>"; };
		840B91482628021000772A98 /* EssentialFeedAPIEndToEndTests.xctest */ = {isa = PBXFileReference; explicitFileType = wrapper.cfbundle; includeInIndex = 0; path = EssentialFeedAPIEndToEndTests.xctest; sourceTree = BUILT_PRODUCTS_DIR; };
		840B914A2628021000772A98 /* EssentialFeedAPIEndToEndTests.swift */ = {isa = PBXFileReference; lastKnownFileType = sourcecode.swift; path = EssentialFeedAPIEndToEndTests.swift; sourceTree = "<group>"; };
		840B914C2628021000772A98 /* Info.plist */ = {isa = PBXFileReference; lastKnownFileType = text.plist.xml; path = Info.plist; sourceTree = "<group>"; };
		84284455265E91000079B366 /* FeedPresenter.swift */ = {isa = PBXFileReference; lastKnownFileType = sourcecode.swift; path = FeedPresenter.swift; sourceTree = "<group>"; };
		845A99E72635727700B8C5EE /* FeedStoreSpecs.swift */ = {isa = PBXFileReference; lastKnownFileType = sourcecode.swift; path = FeedStoreSpecs.swift; sourceTree = "<group>"; };
		845A99EC2635735300B8C5EE /* XCTestCase+FeedStoreSpecs.swift */ = {isa = PBXFileReference; lastKnownFileType = sourcecode.swift; path = "XCTestCase+FeedStoreSpecs.swift"; sourceTree = "<group>"; };
		845A99F12635DD7A00B8C5EE /* XCTestCase+FailableDeleteFeedStoreSpecs.swift */ = {isa = PBXFileReference; lastKnownFileType = sourcecode.swift; path = "XCTestCase+FailableDeleteFeedStoreSpecs.swift"; sourceTree = "<group>"; };
		845A99F62635DECE00B8C5EE /* XCTestCase+FailableRetrieveFeedStoreSpecs.swift */ = {isa = PBXFileReference; lastKnownFileType = sourcecode.swift; path = "XCTestCase+FailableRetrieveFeedStoreSpecs.swift"; sourceTree = "<group>"; };
		845A99FB2635E66100B8C5EE /* XCTestCase+FailableInsertFeedStoreSpecs.swift */ = {isa = PBXFileReference; lastKnownFileType = sourcecode.swift; path = "XCTestCase+FailableInsertFeedStoreSpecs.swift"; sourceTree = "<group>"; };
		847A1CCB2658CD3C0089F45E /* EssentialPlayground.playground */ = {isa = PBXFileReference; lastKnownFileType = file.playground; path = EssentialPlayground.playground; sourceTree = "<group>"; xcLanguageSpecificationIdentifier = xcode.lang.swift; };
		847A1CD1265A11AA0089F45E /* FeedImageCell.swift */ = {isa = PBXFileReference; lastKnownFileType = sourcecode.swift; path = FeedImageCell.swift; sourceTree = "<group>"; };
		847A1CD8265A62D50089F45E /* UIView+Shimmering.swift */ = {isa = PBXFileReference; lastKnownFileType = sourcecode.swift; path = "UIView+Shimmering.swift"; sourceTree = "<group>"; };
		847A1CED265BBC380089F45E /* FeedImageDataLoader.swift */ = {isa = PBXFileReference; lastKnownFileType = sourcecode.swift; path = FeedImageDataLoader.swift; sourceTree = "<group>"; };
		847A1CFA265BCCA20089F45E /* FeedRefreshViewController.swift */ = {isa = PBXFileReference; lastKnownFileType = sourcecode.swift; path = FeedRefreshViewController.swift; sourceTree = "<group>"; };
		847A1D01265BDA3E0089F45E /* FeedImageCellController.swift */ = {isa = PBXFileReference; lastKnownFileType = sourcecode.swift; path = FeedImageCellController.swift; sourceTree = "<group>"; };
		847A1D09265BE75D0089F45E /* FeedUIComposer.swift */ = {isa = PBXFileReference; lastKnownFileType = sourcecode.swift; path = FeedUIComposer.swift; sourceTree = "<group>"; };
		84A05F2A262C87230061079E /* CacheFeedUseCaseTests.swift */ = {isa = PBXFileReference; lastKnownFileType = sourcecode.swift; path = CacheFeedUseCaseTests.swift; sourceTree = "<group>"; };
		84A05F36262DAF140061079E /* LocalFeedLoader.swift */ = {isa = PBXFileReference; lastKnownFileType = sourcecode.swift; path = LocalFeedLoader.swift; sourceTree = "<group>"; };
		84A05F3B262DB16A0061079E /* FeedStore.swift */ = {isa = PBXFileReference; lastKnownFileType = sourcecode.swift; path = FeedStore.swift; sourceTree = "<group>"; };
		84A05F94262E0B1D0061079E /* RemoteFeedItem.swift */ = {isa = PBXFileReference; lastKnownFileType = sourcecode.swift; path = RemoteFeedItem.swift; sourceTree = "<group>"; };
		84A05F99262E0B6F0061079E /* LocalFeedImage.swift */ = {isa = PBXFileReference; lastKnownFileType = sourcecode.swift; path = LocalFeedImage.swift; sourceTree = "<group>"; };
		84A05FA1262E9DC60061079E /* LoadFeedFromCacheUseCaseTests.swift */ = {isa = PBXFileReference; lastKnownFileType = sourcecode.swift; path = LoadFeedFromCacheUseCaseTests.swift; sourceTree = "<group>"; };
		84A05FA7262EA06F0061079E /* FeedStoreSpy.swift */ = {isa = PBXFileReference; lastKnownFileType = sourcecode.swift; path = FeedStoreSpy.swift; sourceTree = "<group>"; };
		84B4EEBB2648DE68002B726C /* EssentialFeediOS.framework */ = {isa = PBXFileReference; explicitFileType = wrapper.framework; includeInIndex = 0; path = EssentialFeediOS.framework; sourceTree = BUILT_PRODUCTS_DIR; };
		84B4EEBE2648DE69002B726C /* Info.plist */ = {isa = PBXFileReference; lastKnownFileType = text.plist.xml; path = Info.plist; sourceTree = "<group>"; };
		84B4EEC32648DE69002B726C /* EssentialFeediOSTests.xctest */ = {isa = PBXFileReference; explicitFileType = wrapper.cfbundle; includeInIndex = 0; path = EssentialFeediOSTests.xctest; sourceTree = BUILT_PRODUCTS_DIR; };
		84B4EECA2648DE69002B726C /* Info.plist */ = {isa = PBXFileReference; lastKnownFileType = text.plist.xml; path = Info.plist; sourceTree = "<group>"; };
		84B4EF012649AD73002B726C /* FeedViewControllerTests.swift */ = {isa = PBXFileReference; lastKnownFileType = sourcecode.swift; path = FeedViewControllerTests.swift; sourceTree = "<group>"; };
		84B4EF26264A4F2B002B726C /* FeedViewController.swift */ = {isa = PBXFileReference; lastKnownFileType = sourcecode.swift; path = FeedViewController.swift; sourceTree = "<group>"; };
		84BC21C9261F8DF4009FF718 /* EssentialFeed.framework */ = {isa = PBXFileReference; explicitFileType = wrapper.framework; includeInIndex = 0; path = EssentialFeed.framework; sourceTree = BUILT_PRODUCTS_DIR; };
		84BC21CD261F8DF4009FF718 /* Info.plist */ = {isa = PBXFileReference; lastKnownFileType = text.plist.xml; path = Info.plist; sourceTree = "<group>"; };
		84BC21D2261F8DF4009FF718 /* EssentialFeedTests.xctest */ = {isa = PBXFileReference; explicitFileType = wrapper.cfbundle; includeInIndex = 0; path = EssentialFeedTests.xctest; sourceTree = BUILT_PRODUCTS_DIR; };
		84BC21D9261F8DF4009FF718 /* Info.plist */ = {isa = PBXFileReference; lastKnownFileType = text.plist.xml; path = Info.plist; sourceTree = "<group>"; };
		84BC21E9261F8E1D009FF718 /* FeedItem.swift */ = {isa = PBXFileReference; lastKnownFileType = sourcecode.swift; path = FeedItem.swift; sourceTree = "<group>"; };
		84BC21ED261F8FF7009FF718 /* FeedLoader.swift */ = {isa = PBXFileReference; lastKnownFileType = sourcecode.swift; path = FeedLoader.swift; sourceTree = "<group>"; };
		84BC21F4262016B8009FF718 /* LoadFeedFromRemoteUseCaseTests.swift */ = {isa = PBXFileReference; lastKnownFileType = sourcecode.swift; path = LoadFeedFromRemoteUseCaseTests.swift; sourceTree = "<group>"; };
		84BC22202620D986009FF718 /* RemoteFeedLoader.swift */ = {isa = PBXFileReference; lastKnownFileType = sourcecode.swift; path = RemoteFeedLoader.swift; sourceTree = "<group>"; };
		84BC222F2622AFA0009FF718 /* HTTPClient.swift */ = {isa = PBXFileReference; lastKnownFileType = sourcecode.swift; path = HTTPClient.swift; sourceTree = "<group>"; };
		84BC22332622B034009FF718 /* FeedItemsMapper.swift */ = {isa = PBXFileReference; lastKnownFileType = sourcecode.swift; path = FeedItemsMapper.swift; sourceTree = "<group>"; };
		84BCA2C02630A62D00FB29BC /* ValidateFeedCacheUseCaseTests.swift */ = {isa = PBXFileReference; lastKnownFileType = sourcecode.swift; path = ValidateFeedCacheUseCaseTests.swift; sourceTree = "<group>"; };
		84BCA2C52630AC6500FB29BC /* FeedCacheTestHelpers.swift */ = {isa = PBXFileReference; lastKnownFileType = sourcecode.swift; path = FeedCacheTestHelpers.swift; sourceTree = "<group>"; };
		84BCA2CA2630AE5400FB29BC /* SharedTestHelpers.swift */ = {isa = PBXFileReference; lastKnownFileType = sourcecode.swift; path = SharedTestHelpers.swift; sourceTree = "<group>"; };
		84BD65EB2624CC64001D85C4 /* URLSessionHTTPClientTest.swift */ = {isa = PBXFileReference; lastKnownFileType = sourcecode.swift; path = URLSessionHTTPClientTest.swift; sourceTree = "<group>"; };
		84D06EB7263FF1F20077087B /* CoreDataFeedStoreTests.swift */ = {isa = PBXFileReference; lastKnownFileType = sourcecode.swift; path = CoreDataFeedStoreTests.swift; sourceTree = "<group>"; };
		84D06EBD263FFBCF0077087B /* FeedStore.xcdatamodel */ = {isa = PBXFileReference; lastKnownFileType = wrapper.xcdatamodel; path = FeedStore.xcdatamodel; sourceTree = "<group>"; };
		84D06EC2264006560077087B /* CoreDataFeedStore.swift */ = {isa = PBXFileReference; lastKnownFileType = sourcecode.swift; path = CoreDataFeedStore.swift; sourceTree = "<group>"; };
		84D06ED0264105DE0077087B /* CoreDataHelpers.swift */ = {isa = PBXFileReference; lastKnownFileType = sourcecode.swift; path = CoreDataHelpers.swift; sourceTree = "<group>"; };
		84D06ED5264106890077087B /* ManagedCache.swift */ = {isa = PBXFileReference; lastKnownFileType = sourcecode.swift; path = ManagedCache.swift; sourceTree = "<group>"; };
		84D06EDA264106C30077087B /* ManagedFeedImage.swift */ = {isa = PBXFileReference; lastKnownFileType = sourcecode.swift; path = ManagedFeedImage.swift; sourceTree = "<group>"; };
		84D06EE326415FAF0077087B /* EssentialFeedCacheIntegrationTests.xctest */ = {isa = PBXFileReference; explicitFileType = wrapper.cfbundle; includeInIndex = 0; path = EssentialFeedCacheIntegrationTests.xctest; sourceTree = BUILT_PRODUCTS_DIR; };
		84D06EE526415FB10077087B /* EssentialFeedCacheIntegrationTests.swift */ = {isa = PBXFileReference; lastKnownFileType = sourcecode.swift; path = EssentialFeedCacheIntegrationTests.swift; sourceTree = "<group>"; };
		84D06EE726415FB10077087B /* Info.plist */ = {isa = PBXFileReference; lastKnownFileType = text.plist.xml; path = Info.plist; sourceTree = "<group>"; };
		84F707BB2631FE800000CE5D /* FeedCachePolicy.swift */ = {isa = PBXFileReference; lastKnownFileType = sourcecode.swift; path = FeedCachePolicy.swift; sourceTree = "<group>"; };
		84F707C0263348DC0000CE5D /* CodableFeedStoreTests.swift */ = {isa = PBXFileReference; lastKnownFileType = sourcecode.swift; path = CodableFeedStoreTests.swift; sourceTree = "<group>"; };
		84F707C5263496AE0000CE5D /* CodableFeedStore.swift */ = {isa = PBXFileReference; lastKnownFileType = sourcecode.swift; path = CodableFeedStore.swift; sourceTree = "<group>"; };
		84F95FD4265D2146001E9A34 /* FeedImageCellViewModel.swift */ = {isa = PBXFileReference; lastKnownFileType = sourcecode.swift; path = FeedImageCellViewModel.swift; sourceTree = "<group>"; };
/* End PBXFileReference section */

/* Begin PBXFrameworksBuildPhase section */
		840B91452628020F00772A98 /* Frameworks */ = {
			isa = PBXFrameworksBuildPhase;
			buildActionMask = 2147483647;
			files = (
				840B914D2628021000772A98 /* EssentialFeed.framework in Frameworks */,
			);
			runOnlyForDeploymentPostprocessing = 0;
		};
		84B4EEB82648DE68002B726C /* Frameworks */ = {
			isa = PBXFrameworksBuildPhase;
			buildActionMask = 2147483647;
			files = (
				84B4EF162649B5D7002B726C /* EssentialFeed.framework in Frameworks */,
			);
			runOnlyForDeploymentPostprocessing = 0;
		};
		84B4EEC02648DE69002B726C /* Frameworks */ = {
			isa = PBXFrameworksBuildPhase;
			buildActionMask = 2147483647;
			files = (
				84B4EEC42648DE69002B726C /* EssentialFeediOS.framework in Frameworks */,
			);
			runOnlyForDeploymentPostprocessing = 0;
		};
		84BC21C6261F8DF4009FF718 /* Frameworks */ = {
			isa = PBXFrameworksBuildPhase;
			buildActionMask = 2147483647;
			files = (
			);
			runOnlyForDeploymentPostprocessing = 0;
		};
		84BC21CF261F8DF4009FF718 /* Frameworks */ = {
			isa = PBXFrameworksBuildPhase;
			buildActionMask = 2147483647;
			files = (
				84BC21D3261F8DF4009FF718 /* EssentialFeed.framework in Frameworks */,
			);
			runOnlyForDeploymentPostprocessing = 0;
		};
		84D06EE026415FAF0077087B /* Frameworks */ = {
			isa = PBXFrameworksBuildPhase;
			buildActionMask = 2147483647;
			files = (
				84D06EE826415FB10077087B /* EssentialFeed.framework in Frameworks */,
			);
			runOnlyForDeploymentPostprocessing = 0;
		};
/* End PBXFrameworksBuildPhase section */

/* Begin PBXGroup section */
		840B90E526261A9D00772A98 /* Helpers */ = {
			isa = PBXGroup;
			children = (
				840B90E626261AC800772A98 /* XCTestCase+MemoryLeakTracking.swift */,
				84BCA2CA2630AE5400FB29BC /* SharedTestHelpers.swift */,
			);
			path = Helpers;
			sourceTree = "<group>";
		};
		840B91492628021000772A98 /* EssentialFeedAPIEndToEndTests */ = {
			isa = PBXGroup;
			children = (
				840B914A2628021000772A98 /* EssentialFeedAPIEndToEndTests.swift */,
				840B914C2628021000772A98 /* Info.plist */,
			);
			path = EssentialFeedAPIEndToEndTests;
			sourceTree = "<group>";
		};
		845A9A002635E7A800B8C5EE /* FeedStoreSpecs */ = {
			isa = PBXGroup;
			children = (
				845A99EC2635735300B8C5EE /* XCTestCase+FeedStoreSpecs.swift */,
				845A99F12635DD7A00B8C5EE /* XCTestCase+FailableDeleteFeedStoreSpecs.swift */,
				845A99F62635DECE00B8C5EE /* XCTestCase+FailableRetrieveFeedStoreSpecs.swift */,
				845A99FB2635E66100B8C5EE /* XCTestCase+FailableInsertFeedStoreSpecs.swift */,
				845A99E72635727700B8C5EE /* FeedStoreSpecs.swift */,
			);
			path = FeedStoreSpecs;
			sourceTree = "<group>";
		};
		847A1CE5265BBB770089F45E /* Feed UI */ = {
			isa = PBXGroup;
			children = (
				847A1D08265BE7530089F45E /* Composers */,
				847A1D15265C3B710089F45E /* Feed Presentation */,
				847A1CEB265BBB990089F45E /* Controllers */,
				847A1CEC265BBBA80089F45E /* Views */,
			);
			path = "Feed UI";
			sourceTree = "<group>";
		};
		847A1CEB265BBB990089F45E /* Controllers */ = {
			isa = PBXGroup;
			children = (
				84B4EF26264A4F2B002B726C /* FeedViewController.swift */,
				847A1CFA265BCCA20089F45E /* FeedRefreshViewController.swift */,
				847A1D01265BDA3E0089F45E /* FeedImageCellController.swift */,
			);
			path = Controllers;
			sourceTree = "<group>";
		};
		847A1CEC265BBBA80089F45E /* Views */ = {
			isa = PBXGroup;
			children = (
				847A1CD1265A11AA0089F45E /* FeedImageCell.swift */,
				847A1CD8265A62D50089F45E /* UIView+Shimmering.swift */,
			);
			path = Views;
			sourceTree = "<group>";
		};
		847A1CF4265BBC490089F45E /* Feed Image Loader */ = {
			isa = PBXGroup;
			children = (
				847A1CED265BBC380089F45E /* FeedImageDataLoader.swift */,
			);
			path = "Feed Image Loader";
			sourceTree = "<group>";
		};
		847A1D08265BE7530089F45E /* Composers */ = {
			isa = PBXGroup;
			children = (
				847A1D09265BE75D0089F45E /* FeedUIComposer.swift */,
			);
			path = Composers;
			sourceTree = "<group>";
		};
		847A1D15265C3B710089F45E /* Feed Presentation */ = {
			isa = PBXGroup;
			children = (
				84F95FD4265D2146001E9A34 /* FeedImageCellViewModel.swift */,
				84284455265E91000079B366 /* FeedPresenter.swift */,
			);
			path = "Feed Presentation";
			sourceTree = "<group>";
		};
		84A05F29262C85C10061079E /* Feed Cache */ = {
			isa = PBXGroup;
			children = (
				84A05FA6262EA0590061079E /* Helpers */,
				84A05F2A262C87230061079E /* CacheFeedUseCaseTests.swift */,
				84A05FA1262E9DC60061079E /* LoadFeedFromCacheUseCaseTests.swift */,
				84BCA2C02630A62D00FB29BC /* ValidateFeedCacheUseCaseTests.swift */,
				84F707C0263348DC0000CE5D /* CodableFeedStoreTests.swift */,
				845A9A002635E7A800B8C5EE /* FeedStoreSpecs */,
				84D06EB7263FF1F20077087B /* CoreDataFeedStoreTests.swift */,
			);
			path = "Feed Cache";
			sourceTree = "<group>";
		};
		84A05F35262DAEFF0061079E /* Feed Cache */ = {
			isa = PBXGroup;
			children = (
				84D06ECA2641046B0077087B /* Infrastructure */,
				84A05F36262DAF140061079E /* LocalFeedLoader.swift */,
				84A05F3B262DB16A0061079E /* FeedStore.swift */,
				847A1CCB2658CD3C0089F45E /* EssentialPlayground.playground */,
				84A05F99262E0B6F0061079E /* LocalFeedImage.swift */,
				84F707BB2631FE800000CE5D /* FeedCachePolicy.swift */,
			);
			path = "Feed Cache";
			sourceTree = "<group>";
		};
		84A05FA6262EA0590061079E /* Helpers */ = {
			isa = PBXGroup;
			children = (
				84A05FA7262EA06F0061079E /* FeedStoreSpy.swift */,
				84BCA2C52630AC6500FB29BC /* FeedCacheTestHelpers.swift */,
			);
			path = Helpers;
			sourceTree = "<group>";
		};
		84B4EEBC2648DE69002B726C /* EssentialFeediOS */ = {
			isa = PBXGroup;
			children = (
				84B4EEBE2648DE69002B726C /* Info.plist */,
				847A1CE5265BBB770089F45E /* Feed UI */,
				847A1CF4265BBC490089F45E /* Feed Image Loader */,
			);
			path = EssentialFeediOS;
			sourceTree = "<group>";
		};
		84B4EEC72648DE69002B726C /* EssentialFeediOSTests */ = {
			isa = PBXGroup;
			children = (
				84B4EECA2648DE69002B726C /* Info.plist */,
				84B4EF012649AD73002B726C /* FeedViewControllerTests.swift */,
			);
			path = EssentialFeediOSTests;
			sourceTree = "<group>";
		};
		84B4EF152649B5D7002B726C /* Frameworks */ = {
			isa = PBXGroup;
			children = (
			);
			name = Frameworks;
			sourceTree = "<group>";
		};
		84BC21BF261F8DF4009FF718 = {
			isa = PBXGroup;
			children = (
				84BC21CB261F8DF4009FF718 /* EssentialFeed */,
				84BC21D6261F8DF4009FF718 /* EssentialFeedTests */,
				840B91492628021000772A98 /* EssentialFeedAPIEndToEndTests */,
				84D06EE426415FB10077087B /* EssentialFeedCacheIntegrationTests */,
				84B4EEBC2648DE69002B726C /* EssentialFeediOS */,
				84B4EEC72648DE69002B726C /* EssentialFeediOSTests */,
				84BC21CA261F8DF4009FF718 /* Products */,
				84B4EF152649B5D7002B726C /* Frameworks */,
			);
			sourceTree = "<group>";
		};
		84BC21CA261F8DF4009FF718 /* Products */ = {
			isa = PBXGroup;
			children = (
				84BC21C9261F8DF4009FF718 /* EssentialFeed.framework */,
				84BC21D2261F8DF4009FF718 /* EssentialFeedTests.xctest */,
				840B91482628021000772A98 /* EssentialFeedAPIEndToEndTests.xctest */,
				84D06EE326415FAF0077087B /* EssentialFeedCacheIntegrationTests.xctest */,
				84B4EEBB2648DE68002B726C /* EssentialFeediOS.framework */,
				84B4EEC32648DE69002B726C /* EssentialFeediOSTests.xctest */,
			);
			name = Products;
			sourceTree = "<group>";
		};
		84BC21CB261F8DF4009FF718 /* EssentialFeed */ = {
			isa = PBXGroup;
			children = (
				84A05F35262DAEFF0061079E /* Feed Cache */,
				84BC21CD261F8DF4009FF718 /* Info.plist */,
				84BC21F1261F9229009FF718 /* Feed Feature */,
				84BC22242620D98C009FF718 /* Feed API */,
			);
			path = EssentialFeed;
			sourceTree = "<group>";
		};
		84BC21D6261F8DF4009FF718 /* EssentialFeedTests */ = {
			isa = PBXGroup;
			children = (
				840B90E526261A9D00772A98 /* Helpers */,
				84A05F29262C85C10061079E /* Feed Cache */,
				84BC21D9261F8DF4009FF718 /* Info.plist */,
				84BC22372622BD4A009FF718 /* Feed API */,
			);
			path = EssentialFeedTests;
			sourceTree = "<group>";
		};
		84BC21F1261F9229009FF718 /* Feed Feature */ = {
			isa = PBXGroup;
			children = (
				84BC21E9261F8E1D009FF718 /* FeedItem.swift */,
				84BC21ED261F8FF7009FF718 /* FeedLoader.swift */,
			);
			path = "Feed Feature";
			sourceTree = "<group>";
		};
		84BC22242620D98C009FF718 /* Feed API */ = {
			isa = PBXGroup;
			children = (
				84BC22202620D986009FF718 /* RemoteFeedLoader.swift */,
				84BC222F2622AFA0009FF718 /* HTTPClient.swift */,
				84BC22332622B034009FF718 /* FeedItemsMapper.swift */,
				840B90EC2626AEEE00772A98 /* URLSessionHTTPClient.swift */,
				84A05F94262E0B1D0061079E /* RemoteFeedItem.swift */,
			);
			path = "Feed API";
			sourceTree = "<group>";
		};
		84BC22372622BD4A009FF718 /* Feed API */ = {
			isa = PBXGroup;
			children = (
				84BC21F4262016B8009FF718 /* LoadFeedFromRemoteUseCaseTests.swift */,
				84BD65EB2624CC64001D85C4 /* URLSessionHTTPClientTest.swift */,
			);
			path = "Feed API";
			sourceTree = "<group>";
		};
		84D06ECA2641046B0077087B /* Infrastructure */ = {
			isa = PBXGroup;
			children = (
				84D06ECF264105480077087B /* Codable */,
				84D06ECB264104920077087B /* CoreData */,
			);
			path = Infrastructure;
			sourceTree = "<group>";
		};
		84D06ECB264104920077087B /* CoreData */ = {
			isa = PBXGroup;
			children = (
				84D06EBC263FFBCF0077087B /* FeedStore.xcdatamodeld */,
				84D06EC2264006560077087B /* CoreDataFeedStore.swift */,
				84D06ED0264105DE0077087B /* CoreDataHelpers.swift */,
				84D06ED5264106890077087B /* ManagedCache.swift */,
				84D06EDA264106C30077087B /* ManagedFeedImage.swift */,
			);
			path = CoreData;
			sourceTree = "<group>";
		};
		84D06ECF264105480077087B /* Codable */ = {
			isa = PBXGroup;
			children = (
				84F707C5263496AE0000CE5D /* CodableFeedStore.swift */,
			);
			path = Codable;
			sourceTree = "<group>";
		};
		84D06EE426415FB10077087B /* EssentialFeedCacheIntegrationTests */ = {
			isa = PBXGroup;
			children = (
				84D06EE526415FB10077087B /* EssentialFeedCacheIntegrationTests.swift */,
				84D06EE726415FB10077087B /* Info.plist */,
			);
			path = EssentialFeedCacheIntegrationTests;
			sourceTree = "<group>";
		};
/* End PBXGroup section */

/* Begin PBXHeadersBuildPhase section */
		84B4EEB62648DE68002B726C /* Headers */ = {
			isa = PBXHeadersBuildPhase;
			buildActionMask = 2147483647;
			files = (
			);
			runOnlyForDeploymentPostprocessing = 0;
		};
		84BC21C4261F8DF4009FF718 /* Headers */ = {
			isa = PBXHeadersBuildPhase;
			buildActionMask = 2147483647;
			files = (
			);
			runOnlyForDeploymentPostprocessing = 0;
		};
/* End PBXHeadersBuildPhase section */

/* Begin PBXNativeTarget section */
		840B91472628020F00772A98 /* EssentialFeedAPIEndToEndTests */ = {
			isa = PBXNativeTarget;
			buildConfigurationList = 840B91502628021000772A98 /* Build configuration list for PBXNativeTarget "EssentialFeedAPIEndToEndTests" */;
			buildPhases = (
				840B91442628020F00772A98 /* Sources */,
				840B91452628020F00772A98 /* Frameworks */,
				840B91462628020F00772A98 /* Resources */,
			);
			buildRules = (
			);
			dependencies = (
				840B914F2628021000772A98 /* PBXTargetDependency */,
			);
			name = EssentialFeedAPIEndToEndTests;
			productName = EssentialFeedAPIEndToEndTests;
			productReference = 840B91482628021000772A98 /* EssentialFeedAPIEndToEndTests.xctest */;
			productType = "com.apple.product-type.bundle.unit-test";
		};
		84B4EEBA2648DE68002B726C /* EssentialFeediOS */ = {
			isa = PBXNativeTarget;
			buildConfigurationList = 84B4EECC2648DE69002B726C /* Build configuration list for PBXNativeTarget "EssentialFeediOS" */;
			buildPhases = (
				84B4EEB62648DE68002B726C /* Headers */,
				84B4EEB72648DE68002B726C /* Sources */,
				84B4EEB82648DE68002B726C /* Frameworks */,
				84B4EEB92648DE68002B726C /* Resources */,
				84B4EF1A2649B5D7002B726C /* Embed Frameworks */,
			);
			buildRules = (
			);
			dependencies = (
				84B4EF192649B5D7002B726C /* PBXTargetDependency */,
			);
			name = EssentialFeediOS;
			productName = EssentialFeediOS;
			productReference = 84B4EEBB2648DE68002B726C /* EssentialFeediOS.framework */;
			productType = "com.apple.product-type.framework";
		};
		84B4EEC22648DE69002B726C /* EssentialFeediOSTests */ = {
			isa = PBXNativeTarget;
			buildConfigurationList = 84B4EECF2648DE69002B726C /* Build configuration list for PBXNativeTarget "EssentialFeediOSTests" */;
			buildPhases = (
				84B4EEBF2648DE69002B726C /* Sources */,
				84B4EEC02648DE69002B726C /* Frameworks */,
				84B4EEC12648DE69002B726C /* Resources */,
			);
			buildRules = (
			);
			dependencies = (
				84B4EEC62648DE69002B726C /* PBXTargetDependency */,
			);
			name = EssentialFeediOSTests;
			productName = EssentialFeediOSTests;
			productReference = 84B4EEC32648DE69002B726C /* EssentialFeediOSTests.xctest */;
			productType = "com.apple.product-type.bundle.unit-test";
		};
		84BC21C8261F8DF4009FF718 /* EssentialFeed */ = {
			isa = PBXNativeTarget;
			buildConfigurationList = 84BC21DD261F8DF4009FF718 /* Build configuration list for PBXNativeTarget "EssentialFeed" */;
			buildPhases = (
				84BC21C4261F8DF4009FF718 /* Headers */,
				84BC21C5261F8DF4009FF718 /* Sources */,
				84BC21C6261F8DF4009FF718 /* Frameworks */,
				84BC21C7261F8DF4009FF718 /* Resources */,
			);
			buildRules = (
			);
			dependencies = (
			);
			name = EssentialFeed;
			productName = EssentialFeed;
			productReference = 84BC21C9261F8DF4009FF718 /* EssentialFeed.framework */;
			productType = "com.apple.product-type.framework";
		};
		84BC21D1261F8DF4009FF718 /* EssentialFeedTests */ = {
			isa = PBXNativeTarget;
			buildConfigurationList = 84BC21E0261F8DF4009FF718 /* Build configuration list for PBXNativeTarget "EssentialFeedTests" */;
			buildPhases = (
				84BC21CE261F8DF4009FF718 /* Sources */,
				84BC21CF261F8DF4009FF718 /* Frameworks */,
				84BC21D0261F8DF4009FF718 /* Resources */,
			);
			buildRules = (
			);
			dependencies = (
				84BC21D5261F8DF4009FF718 /* PBXTargetDependency */,
			);
			name = EssentialFeedTests;
			productName = EssentialFeedTests;
			productReference = 84BC21D2261F8DF4009FF718 /* EssentialFeedTests.xctest */;
			productType = "com.apple.product-type.bundle.unit-test";
		};
		84D06EE226415FAF0077087B /* EssentialFeedCacheIntegrationTests */ = {
			isa = PBXNativeTarget;
			buildConfigurationList = 84D06EEB26415FB10077087B /* Build configuration list for PBXNativeTarget "EssentialFeedCacheIntegrationTests" */;
			buildPhases = (
				84D06EDF26415FAF0077087B /* Sources */,
				84D06EE026415FAF0077087B /* Frameworks */,
				84D06EE126415FAF0077087B /* Resources */,
			);
			buildRules = (
			);
			dependencies = (
				84D06EEA26415FB10077087B /* PBXTargetDependency */,
			);
			name = EssentialFeedCacheIntegrationTests;
			productName = EssentialFeedCacheIntegrationTests;
			productReference = 84D06EE326415FAF0077087B /* EssentialFeedCacheIntegrationTests.xctest */;
			productType = "com.apple.product-type.bundle.unit-test";
		};
/* End PBXNativeTarget section */

/* Begin PBXProject section */
		84BC21C0261F8DF4009FF718 /* Project object */ = {
			isa = PBXProject;
			attributes = {
				LastSwiftUpdateCheck = 1240;
				LastUpgradeCheck = 1240;
				TargetAttributes = {
					840B91472628020F00772A98 = {
						CreatedOnToolsVersion = 12.4;
					};
					84B4EEBA2648DE68002B726C = {
						CreatedOnToolsVersion = 12.4;
						LastSwiftMigration = 1240;
					};
					84B4EEC22648DE69002B726C = {
						CreatedOnToolsVersion = 12.4;
						LastSwiftMigration = 1240;
					};
					84BC21C8261F8DF4009FF718 = {
						CreatedOnToolsVersion = 12.4;
						LastSwiftMigration = 1240;
					};
					84BC21D1261F8DF4009FF718 = {
						CreatedOnToolsVersion = 12.4;
						LastSwiftMigration = 1240;
					};
					84D06EE226415FAF0077087B = {
						CreatedOnToolsVersion = 12.4;
					};
				};
			};
			buildConfigurationList = 84BC21C3261F8DF4009FF718 /* Build configuration list for PBXProject "EssentialFeed" */;
			compatibilityVersion = "Xcode 9.3";
			developmentRegion = en;
			hasScannedForEncodings = 0;
			knownRegions = (
				en,
				Base,
			);
			mainGroup = 84BC21BF261F8DF4009FF718;
			productRefGroup = 84BC21CA261F8DF4009FF718 /* Products */;
			projectDirPath = "";
			projectRoot = "";
			targets = (
				84BC21C8261F8DF4009FF718 /* EssentialFeed */,
				84BC21D1261F8DF4009FF718 /* EssentialFeedTests */,
				840B91472628020F00772A98 /* EssentialFeedAPIEndToEndTests */,
				84D06EE226415FAF0077087B /* EssentialFeedCacheIntegrationTests */,
				84B4EEBA2648DE68002B726C /* EssentialFeediOS */,
				84B4EEC22648DE69002B726C /* EssentialFeediOSTests */,
			);
		};
/* End PBXProject section */

/* Begin PBXResourcesBuildPhase section */
		840B91462628020F00772A98 /* Resources */ = {
			isa = PBXResourcesBuildPhase;
			buildActionMask = 2147483647;
			files = (
			);
			runOnlyForDeploymentPostprocessing = 0;
		};
		84B4EEB92648DE68002B726C /* Resources */ = {
			isa = PBXResourcesBuildPhase;
			buildActionMask = 2147483647;
			files = (
			);
			runOnlyForDeploymentPostprocessing = 0;
		};
		84B4EEC12648DE69002B726C /* Resources */ = {
			isa = PBXResourcesBuildPhase;
			buildActionMask = 2147483647;
			files = (
			);
			runOnlyForDeploymentPostprocessing = 0;
		};
		84BC21C7261F8DF4009FF718 /* Resources */ = {
			isa = PBXResourcesBuildPhase;
			buildActionMask = 2147483647;
			files = (
			);
			runOnlyForDeploymentPostprocessing = 0;
		};
		84BC21D0261F8DF4009FF718 /* Resources */ = {
			isa = PBXResourcesBuildPhase;
			buildActionMask = 2147483647;
			files = (
			);
			runOnlyForDeploymentPostprocessing = 0;
		};
		84D06EE126415FAF0077087B /* Resources */ = {
			isa = PBXResourcesBuildPhase;
			buildActionMask = 2147483647;
			files = (
			);
			runOnlyForDeploymentPostprocessing = 0;
		};
/* End PBXResourcesBuildPhase section */

/* Begin PBXSourcesBuildPhase section */
		840B91442628020F00772A98 /* Sources */ = {
			isa = PBXSourcesBuildPhase;
			buildActionMask = 2147483647;
			files = (
				840B914B2628021000772A98 /* EssentialFeedAPIEndToEndTests.swift in Sources */,
				840B915626280D2500772A98 /* XCTestCase+MemoryLeakTracking.swift in Sources */,
			);
			runOnlyForDeploymentPostprocessing = 0;
		};
		84B4EEB72648DE68002B726C /* Sources */ = {
			isa = PBXSourcesBuildPhase;
			buildActionMask = 2147483647;
			files = (
				84284456265E91000079B366 /* FeedPresenter.swift in Sources */,
				847A1CEE265BBC380089F45E /* FeedImageDataLoader.swift in Sources */,
				847A1CFB265BCCA20089F45E /* FeedRefreshViewController.swift in Sources */,
				847A1CD9265A62D60089F45E /* UIView+Shimmering.swift in Sources */,
				84B4EF27264A4F2B002B726C /* FeedViewController.swift in Sources */,
				847A1CD2265A11AB0089F45E /* FeedImageCell.swift in Sources */,
				847A1D02265BDA3E0089F45E /* FeedImageCellController.swift in Sources */,
				847A1D0A265BE75D0089F45E /* FeedUIComposer.swift in Sources */,
				84F95FD5265D2146001E9A34 /* FeedImageCellViewModel.swift in Sources */,
			);
			runOnlyForDeploymentPostprocessing = 0;
		};
		84B4EEBF2648DE69002B726C /* Sources */ = {
			isa = PBXSourcesBuildPhase;
			buildActionMask = 2147483647;
			files = (
				84B4EF022649AD73002B726C /* FeedViewControllerTests.swift in Sources */,
				84B4EF20264A3BF4002B726C /* XCTestCase+MemoryLeakTracking.swift in Sources */,
			);
			runOnlyForDeploymentPostprocessing = 0;
		};
		84BC21C5261F8DF4009FF718 /* Sources */ = {
			isa = PBXSourcesBuildPhase;
			buildActionMask = 2147483647;
			files = (
				84D06ED1264105DE0077087B /* CoreDataHelpers.swift in Sources */,
				84D06EBE263FFBCF0077087B /* FeedStore.xcdatamodeld in Sources */,
				84BC22342622B034009FF718 /* FeedItemsMapper.swift in Sources */,
				84BC21EE261F8FF7009FF718 /* FeedLoader.swift in Sources */,
				84A05F95262E0B1D0061079E /* RemoteFeedItem.swift in Sources */,
				84F707BC2631FE800000CE5D /* FeedCachePolicy.swift in Sources */,
				84BC22212620D986009FF718 /* RemoteFeedLoader.swift in Sources */,
				84D06EC3264006560077087B /* CoreDataFeedStore.swift in Sources */,
				84A05F9A262E0B6F0061079E /* LocalFeedImage.swift in Sources */,
				84A05F3C262DB16A0061079E /* FeedStore.swift in Sources */,
				84A05F37262DAF140061079E /* LocalFeedLoader.swift in Sources */,
				84F707C6263496AE0000CE5D /* CodableFeedStore.swift in Sources */,
				84BC22302622AFA0009FF718 /* HTTPClient.swift in Sources */,
				84BC21EA261F8E1D009FF718 /* FeedItem.swift in Sources */,
				84D06ED6264106890077087B /* ManagedCache.swift in Sources */,
				840B90ED2626AEEE00772A98 /* URLSessionHTTPClient.swift in Sources */,
				84D06EDB264106C30077087B /* ManagedFeedImage.swift in Sources */,
			);
			runOnlyForDeploymentPostprocessing = 0;
		};
		84BC21CE261F8DF4009FF718 /* Sources */ = {
			isa = PBXSourcesBuildPhase;
			buildActionMask = 2147483647;
			files = (
				84F707C1263348DC0000CE5D /* CodableFeedStoreTests.swift in Sources */,
				845A99F22635DD7A00B8C5EE /* XCTestCase+FailableDeleteFeedStoreSpecs.swift in Sources */,
				84BCA2C62630AC6500FB29BC /* FeedCacheTestHelpers.swift in Sources */,
				845A99F72635DECE00B8C5EE /* XCTestCase+FailableRetrieveFeedStoreSpecs.swift in Sources */,
				84BCA2C12630A62D00FB29BC /* ValidateFeedCacheUseCaseTests.swift in Sources */,
				84BC21F5262016B8009FF718 /* LoadFeedFromRemoteUseCaseTests.swift in Sources */,
				84BD65EC2624CC64001D85C4 /* URLSessionHTTPClientTest.swift in Sources */,
				84A05FA8262EA06F0061079E /* FeedStoreSpy.swift in Sources */,
				84BCA2CB2630AE5400FB29BC /* SharedTestHelpers.swift in Sources */,
				84A05F2B262C87230061079E /* CacheFeedUseCaseTests.swift in Sources */,
				84A05FA2262E9DC60061079E /* LoadFeedFromCacheUseCaseTests.swift in Sources */,
				845A99E82635727700B8C5EE /* FeedStoreSpecs.swift in Sources */,
				840B90E726261AC800772A98 /* XCTestCase+MemoryLeakTracking.swift in Sources */,
				845A99ED2635735300B8C5EE /* XCTestCase+FeedStoreSpecs.swift in Sources */,
				84D06EB8263FF1F20077087B /* CoreDataFeedStoreTests.swift in Sources */,
				845A99FC2635E66100B8C5EE /* XCTestCase+FailableInsertFeedStoreSpecs.swift in Sources */,
			);
			runOnlyForDeploymentPostprocessing = 0;
		};
		84D06EDF26415FAF0077087B /* Sources */ = {
			isa = PBXSourcesBuildPhase;
			buildActionMask = 2147483647;
			files = (
				84D06EE626415FB10077087B /* EssentialFeedCacheIntegrationTests.swift in Sources */,
				84D06EF7264172570077087B /* FeedCacheTestHelpers.swift in Sources */,
				84D06F012641734E0077087B /* SharedTestHelpers.swift in Sources */,
				84D06EF22641670C0077087B /* XCTestCase+MemoryLeakTracking.swift in Sources */,
			);
			runOnlyForDeploymentPostprocessing = 0;
		};
/* End PBXSourcesBuildPhase section */

/* Begin PBXTargetDependency section */
		840B914F2628021000772A98 /* PBXTargetDependency */ = {
			isa = PBXTargetDependency;
			target = 84BC21C8261F8DF4009FF718 /* EssentialFeed */;
			targetProxy = 840B914E2628021000772A98 /* PBXContainerItemProxy */;
		};
		84B4EEC62648DE69002B726C /* PBXTargetDependency */ = {
			isa = PBXTargetDependency;
			target = 84B4EEBA2648DE68002B726C /* EssentialFeediOS */;
			targetProxy = 84B4EEC52648DE69002B726C /* PBXContainerItemProxy */;
		};
		84B4EF192649B5D7002B726C /* PBXTargetDependency */ = {
			isa = PBXTargetDependency;
			platformFilter = ios;
			target = 84BC21C8261F8DF4009FF718 /* EssentialFeed */;
			targetProxy = 84B4EF182649B5D7002B726C /* PBXContainerItemProxy */;
		};
		84BC21D5261F8DF4009FF718 /* PBXTargetDependency */ = {
			isa = PBXTargetDependency;
			target = 84BC21C8261F8DF4009FF718 /* EssentialFeed */;
			targetProxy = 84BC21D4261F8DF4009FF718 /* PBXContainerItemProxy */;
		};
		84D06EEA26415FB10077087B /* PBXTargetDependency */ = {
			isa = PBXTargetDependency;
			target = 84BC21C8261F8DF4009FF718 /* EssentialFeed */;
			targetProxy = 84D06EE926415FB10077087B /* PBXContainerItemProxy */;
		};
/* End PBXTargetDependency section */

/* Begin XCBuildConfiguration section */
		840B91512628021000772A98 /* Debug */ = {
			isa = XCBuildConfiguration;
			buildSettings = {
				CODE_SIGN_STYLE = Automatic;
				COMBINE_HIDPI_IMAGES = YES;
				DEVELOPMENT_TEAM = PF33M493XW;
				INFOPLIST_FILE = EssentialFeedAPIEndToEndTests/Info.plist;
				LD_RUNPATH_SEARCH_PATHS = (
					"$(inherited)",
					"@executable_path/../Frameworks",
					"@loader_path/../Frameworks",
				);
				PRODUCT_BUNDLE_IDENTIFIER = us.kostenko.EssentialFeedAPIEndToEndTests;
				PRODUCT_NAME = "$(TARGET_NAME)";
				SUPPORTED_PLATFORMS = "macosx iphonesimulator iphoneos";
				SWIFT_VERSION = 5.0;
			};
			name = Debug;
		};
		840B91522628021000772A98 /* Release */ = {
			isa = XCBuildConfiguration;
			buildSettings = {
				CODE_SIGN_STYLE = Automatic;
				COMBINE_HIDPI_IMAGES = YES;
				DEVELOPMENT_TEAM = PF33M493XW;
				INFOPLIST_FILE = EssentialFeedAPIEndToEndTests/Info.plist;
				LD_RUNPATH_SEARCH_PATHS = (
					"$(inherited)",
					"@executable_path/../Frameworks",
					"@loader_path/../Frameworks",
				);
				PRODUCT_BUNDLE_IDENTIFIER = us.kostenko.EssentialFeedAPIEndToEndTests;
				PRODUCT_NAME = "$(TARGET_NAME)";
				SUPPORTED_PLATFORMS = "macosx iphonesimulator iphoneos";
				SWIFT_VERSION = 5.0;
			};
			name = Release;
		};
		84B4EECD2648DE69002B726C /* Debug */ = {
			isa = XCBuildConfiguration;
			buildSettings = {
				CLANG_ENABLE_MODULES = YES;
				CODE_SIGN_STYLE = Automatic;
				DEFINES_MODULE = YES;
				DEVELOPMENT_TEAM = PF33M493XW;
				DYLIB_COMPATIBILITY_VERSION = 1;
				DYLIB_CURRENT_VERSION = 1;
				DYLIB_INSTALL_NAME_BASE = "@rpath";
				INFOPLIST_FILE = EssentialFeediOS/Info.plist;
				INSTALL_PATH = "$(LOCAL_LIBRARY_DIR)/Frameworks";
				IPHONEOS_DEPLOYMENT_TARGET = 14.4;
				LD_RUNPATH_SEARCH_PATHS = (
					"$(inherited)",
					"@executable_path/Frameworks",
					"@loader_path/Frameworks",
				);
				PRODUCT_BUNDLE_IDENTIFIER = us.kostenko.EssentialFeediOS;
				PRODUCT_NAME = "$(TARGET_NAME:c99extidentifier)";
				SDKROOT = iphoneos;
				SKIP_INSTALL = YES;
				SWIFT_OPTIMIZATION_LEVEL = "-Onone";
				SWIFT_VERSION = 5.0;
				TARGETED_DEVICE_FAMILY = "1,2";
			};
			name = Debug;
		};
		84B4EECE2648DE69002B726C /* Release */ = {
			isa = XCBuildConfiguration;
			buildSettings = {
				CLANG_ENABLE_MODULES = YES;
				CODE_SIGN_STYLE = Automatic;
				DEFINES_MODULE = YES;
				DEVELOPMENT_TEAM = PF33M493XW;
				DYLIB_COMPATIBILITY_VERSION = 1;
				DYLIB_CURRENT_VERSION = 1;
				DYLIB_INSTALL_NAME_BASE = "@rpath";
				INFOPLIST_FILE = EssentialFeediOS/Info.plist;
				INSTALL_PATH = "$(LOCAL_LIBRARY_DIR)/Frameworks";
				IPHONEOS_DEPLOYMENT_TARGET = 14.4;
				LD_RUNPATH_SEARCH_PATHS = (
					"$(inherited)",
					"@executable_path/Frameworks",
					"@loader_path/Frameworks",
				);
				PRODUCT_BUNDLE_IDENTIFIER = us.kostenko.EssentialFeediOS;
				PRODUCT_NAME = "$(TARGET_NAME:c99extidentifier)";
				SDKROOT = iphoneos;
				SKIP_INSTALL = YES;
				SWIFT_VERSION = 5.0;
				TARGETED_DEVICE_FAMILY = "1,2";
				VALIDATE_PRODUCT = YES;
			};
			name = Release;
		};
		84B4EED02648DE69002B726C /* Debug */ = {
			isa = XCBuildConfiguration;
			buildSettings = {
				ALWAYS_EMBED_SWIFT_STANDARD_LIBRARIES = YES;
				CLANG_ENABLE_MODULES = YES;
				CODE_SIGN_STYLE = Automatic;
				DEVELOPMENT_TEAM = PF33M493XW;
				INFOPLIST_FILE = EssentialFeediOSTests/Info.plist;
				IPHONEOS_DEPLOYMENT_TARGET = 14.4;
				LD_RUNPATH_SEARCH_PATHS = (
					"$(inherited)",
					"@executable_path/Frameworks",
					"@loader_path/Frameworks",
				);
				PRODUCT_BUNDLE_IDENTIFIER = us.kostenko.EssentialFeediOSTests;
				PRODUCT_NAME = "$(TARGET_NAME)";
				SDKROOT = iphoneos;
				SWIFT_OPTIMIZATION_LEVEL = "-Onone";
				SWIFT_VERSION = 5.0;
				TARGETED_DEVICE_FAMILY = "1,2";
			};
			name = Debug;
		};
		84B4EED12648DE69002B726C /* Release */ = {
			isa = XCBuildConfiguration;
			buildSettings = {
				ALWAYS_EMBED_SWIFT_STANDARD_LIBRARIES = YES;
				CLANG_ENABLE_MODULES = YES;
				CODE_SIGN_STYLE = Automatic;
				DEVELOPMENT_TEAM = PF33M493XW;
				INFOPLIST_FILE = EssentialFeediOSTests/Info.plist;
				IPHONEOS_DEPLOYMENT_TARGET = 14.4;
				LD_RUNPATH_SEARCH_PATHS = (
					"$(inherited)",
					"@executable_path/Frameworks",
					"@loader_path/Frameworks",
				);
				PRODUCT_BUNDLE_IDENTIFIER = us.kostenko.EssentialFeediOSTests;
				PRODUCT_NAME = "$(TARGET_NAME)";
				SDKROOT = iphoneos;
				SWIFT_VERSION = 5.0;
				TARGETED_DEVICE_FAMILY = "1,2";
				VALIDATE_PRODUCT = YES;
			};
			name = Release;
		};
		84BC21DB261F8DF4009FF718 /* Debug */ = {
			isa = XCBuildConfiguration;
			buildSettings = {
				ALWAYS_SEARCH_USER_PATHS = NO;
				CLANG_ANALYZER_NONNULL = YES;
				CLANG_ANALYZER_NUMBER_OBJECT_CONVERSION = YES_AGGRESSIVE;
				CLANG_CXX_LANGUAGE_STANDARD = "gnu++14";
				CLANG_CXX_LIBRARY = "libc++";
				CLANG_ENABLE_MODULES = YES;
				CLANG_ENABLE_OBJC_ARC = YES;
				CLANG_ENABLE_OBJC_WEAK = YES;
				CLANG_WARN_BLOCK_CAPTURE_AUTORELEASING = YES;
				CLANG_WARN_BOOL_CONVERSION = YES;
				CLANG_WARN_COMMA = YES;
				CLANG_WARN_CONSTANT_CONVERSION = YES;
				CLANG_WARN_DEPRECATED_OBJC_IMPLEMENTATIONS = YES;
				CLANG_WARN_DIRECT_OBJC_ISA_USAGE = YES_ERROR;
				CLANG_WARN_DOCUMENTATION_COMMENTS = YES;
				CLANG_WARN_EMPTY_BODY = YES;
				CLANG_WARN_ENUM_CONVERSION = YES;
				CLANG_WARN_INFINITE_RECURSION = YES;
				CLANG_WARN_INT_CONVERSION = YES;
				CLANG_WARN_NON_LITERAL_NULL_CONVERSION = YES;
				CLANG_WARN_OBJC_IMPLICIT_RETAIN_SELF = YES;
				CLANG_WARN_OBJC_LITERAL_CONVERSION = YES;
				CLANG_WARN_OBJC_ROOT_CLASS = YES_ERROR;
				CLANG_WARN_QUOTED_INCLUDE_IN_FRAMEWORK_HEADER = YES;
				CLANG_WARN_RANGE_LOOP_ANALYSIS = YES;
				CLANG_WARN_STRICT_PROTOTYPES = YES;
				CLANG_WARN_SUSPICIOUS_MOVE = YES;
				CLANG_WARN_UNGUARDED_AVAILABILITY = YES_AGGRESSIVE;
				CLANG_WARN_UNREACHABLE_CODE = YES;
				CLANG_WARN__DUPLICATE_METHOD_MATCH = YES;
				COPY_PHASE_STRIP = NO;
				CURRENT_PROJECT_VERSION = 1;
				DEBUG_INFORMATION_FORMAT = dwarf;
				ENABLE_STRICT_OBJC_MSGSEND = YES;
				ENABLE_TESTABILITY = YES;
				GCC_C_LANGUAGE_STANDARD = gnu11;
				GCC_DYNAMIC_NO_PIC = NO;
				GCC_NO_COMMON_BLOCKS = YES;
				GCC_OPTIMIZATION_LEVEL = 0;
				GCC_PREPROCESSOR_DEFINITIONS = (
					"DEBUG=1",
					"$(inherited)",
				);
				GCC_WARN_64_TO_32_BIT_CONVERSION = YES;
				GCC_WARN_ABOUT_RETURN_TYPE = YES_ERROR;
				GCC_WARN_UNDECLARED_SELECTOR = YES;
				GCC_WARN_UNINITIALIZED_AUTOS = YES_AGGRESSIVE;
				GCC_WARN_UNUSED_FUNCTION = YES;
				GCC_WARN_UNUSED_VARIABLE = YES;
				MACOSX_DEPLOYMENT_TARGET = 10.15;
				MTL_ENABLE_DEBUG_INFO = INCLUDE_SOURCE;
				MTL_FAST_MATH = YES;
				ONLY_ACTIVE_ARCH = YES;
				SDKROOT = macosx;
				SWIFT_ACTIVE_COMPILATION_CONDITIONS = DEBUG;
				SWIFT_OPTIMIZATION_LEVEL = "-Onone";
				VERSIONING_SYSTEM = "apple-generic";
				VERSION_INFO_PREFIX = "";
			};
			name = Debug;
		};
		84BC21DC261F8DF4009FF718 /* Release */ = {
			isa = XCBuildConfiguration;
			buildSettings = {
				ALWAYS_SEARCH_USER_PATHS = NO;
				CLANG_ANALYZER_NONNULL = YES;
				CLANG_ANALYZER_NUMBER_OBJECT_CONVERSION = YES_AGGRESSIVE;
				CLANG_CXX_LANGUAGE_STANDARD = "gnu++14";
				CLANG_CXX_LIBRARY = "libc++";
				CLANG_ENABLE_MODULES = YES;
				CLANG_ENABLE_OBJC_ARC = YES;
				CLANG_ENABLE_OBJC_WEAK = YES;
				CLANG_WARN_BLOCK_CAPTURE_AUTORELEASING = YES;
				CLANG_WARN_BOOL_CONVERSION = YES;
				CLANG_WARN_COMMA = YES;
				CLANG_WARN_CONSTANT_CONVERSION = YES;
				CLANG_WARN_DEPRECATED_OBJC_IMPLEMENTATIONS = YES;
				CLANG_WARN_DIRECT_OBJC_ISA_USAGE = YES_ERROR;
				CLANG_WARN_DOCUMENTATION_COMMENTS = YES;
				CLANG_WARN_EMPTY_BODY = YES;
				CLANG_WARN_ENUM_CONVERSION = YES;
				CLANG_WARN_INFINITE_RECURSION = YES;
				CLANG_WARN_INT_CONVERSION = YES;
				CLANG_WARN_NON_LITERAL_NULL_CONVERSION = YES;
				CLANG_WARN_OBJC_IMPLICIT_RETAIN_SELF = YES;
				CLANG_WARN_OBJC_LITERAL_CONVERSION = YES;
				CLANG_WARN_OBJC_ROOT_CLASS = YES_ERROR;
				CLANG_WARN_QUOTED_INCLUDE_IN_FRAMEWORK_HEADER = YES;
				CLANG_WARN_RANGE_LOOP_ANALYSIS = YES;
				CLANG_WARN_STRICT_PROTOTYPES = YES;
				CLANG_WARN_SUSPICIOUS_MOVE = YES;
				CLANG_WARN_UNGUARDED_AVAILABILITY = YES_AGGRESSIVE;
				CLANG_WARN_UNREACHABLE_CODE = YES;
				CLANG_WARN__DUPLICATE_METHOD_MATCH = YES;
				COPY_PHASE_STRIP = NO;
				CURRENT_PROJECT_VERSION = 1;
				DEBUG_INFORMATION_FORMAT = "dwarf-with-dsym";
				ENABLE_NS_ASSERTIONS = NO;
				ENABLE_STRICT_OBJC_MSGSEND = YES;
				GCC_C_LANGUAGE_STANDARD = gnu11;
				GCC_NO_COMMON_BLOCKS = YES;
				GCC_WARN_64_TO_32_BIT_CONVERSION = YES;
				GCC_WARN_ABOUT_RETURN_TYPE = YES_ERROR;
				GCC_WARN_UNDECLARED_SELECTOR = YES;
				GCC_WARN_UNINITIALIZED_AUTOS = YES_AGGRESSIVE;
				GCC_WARN_UNUSED_FUNCTION = YES;
				GCC_WARN_UNUSED_VARIABLE = YES;
				MACOSX_DEPLOYMENT_TARGET = 10.15;
				MTL_ENABLE_DEBUG_INFO = NO;
				MTL_FAST_MATH = YES;
				SDKROOT = macosx;
				SWIFT_COMPILATION_MODE = wholemodule;
				SWIFT_OPTIMIZATION_LEVEL = "-O";
				VERSIONING_SYSTEM = "apple-generic";
				VERSION_INFO_PREFIX = "";
			};
			name = Release;
		};
		84BC21DE261F8DF4009FF718 /* Debug */ = {
			isa = XCBuildConfiguration;
			buildSettings = {
				CLANG_ENABLE_MODULES = YES;
				CODE_SIGN_STYLE = Automatic;
				COMBINE_HIDPI_IMAGES = YES;
				DEFINES_MODULE = YES;
				DEVELOPMENT_TEAM = PF33M493XW;
				DYLIB_COMPATIBILITY_VERSION = 1;
				DYLIB_CURRENT_VERSION = 1;
				DYLIB_INSTALL_NAME_BASE = "@rpath";
				INFOPLIST_FILE = EssentialFeed/Info.plist;
				INSTALL_PATH = "$(LOCAL_LIBRARY_DIR)/Frameworks";
				LD_RUNPATH_SEARCH_PATHS = (
					"$(inherited)",
					"@executable_path/../Frameworks",
					"@loader_path/Frameworks",
				);
				MACOSX_DEPLOYMENT_TARGET = 10.14;
				PRODUCT_BUNDLE_IDENTIFIER = us.kostenko.EssentialFeed;
				PRODUCT_NAME = "$(TARGET_NAME:c99extidentifier)";
				SKIP_INSTALL = YES;
				SUPPORTED_PLATFORMS = "macosx iphoneos iphonesimulator";
				SWIFT_OPTIMIZATION_LEVEL = "-Onone";
				SWIFT_VERSION = 5.0;
			};
			name = Debug;
		};
		84BC21DF261F8DF4009FF718 /* Release */ = {
			isa = XCBuildConfiguration;
			buildSettings = {
				CLANG_ENABLE_MODULES = YES;
				CODE_SIGN_STYLE = Automatic;
				COMBINE_HIDPI_IMAGES = YES;
				DEFINES_MODULE = YES;
				DEVELOPMENT_TEAM = PF33M493XW;
				DYLIB_COMPATIBILITY_VERSION = 1;
				DYLIB_CURRENT_VERSION = 1;
				DYLIB_INSTALL_NAME_BASE = "@rpath";
				INFOPLIST_FILE = EssentialFeed/Info.plist;
				INSTALL_PATH = "$(LOCAL_LIBRARY_DIR)/Frameworks";
				LD_RUNPATH_SEARCH_PATHS = (
					"$(inherited)",
					"@executable_path/../Frameworks",
					"@loader_path/Frameworks",
				);
				MACOSX_DEPLOYMENT_TARGET = 10.14;
				PRODUCT_BUNDLE_IDENTIFIER = us.kostenko.EssentialFeed;
				PRODUCT_NAME = "$(TARGET_NAME:c99extidentifier)";
				SKIP_INSTALL = YES;
				SUPPORTED_PLATFORMS = "macosx iphoneos iphonesimulator";
				SWIFT_VERSION = 5.0;
			};
			name = Release;
		};
		84BC21E1261F8DF4009FF718 /* Debug */ = {
			isa = XCBuildConfiguration;
			buildSettings = {
				ALWAYS_EMBED_SWIFT_STANDARD_LIBRARIES = YES;
				CLANG_ENABLE_MODULES = YES;
				CODE_SIGN_STYLE = Automatic;
				COMBINE_HIDPI_IMAGES = YES;
				DEVELOPMENT_TEAM = PF33M493XW;
				INFOPLIST_FILE = EssentialFeedTests/Info.plist;
				LD_RUNPATH_SEARCH_PATHS = (
					"$(inherited)",
					"@executable_path/../Frameworks",
					"@loader_path/../Frameworks",
				);
				PRODUCT_BUNDLE_IDENTIFIER = us.kostenko.EssentialFeedTests;
				PRODUCT_NAME = "$(TARGET_NAME)";
				SUPPORTED_PLATFORMS = "macosx iphonesimulator iphoneos";
				SWIFT_OPTIMIZATION_LEVEL = "-Onone";
				SWIFT_VERSION = 5.0;
			};
			name = Debug;
		};
		84BC21E2261F8DF4009FF718 /* Release */ = {
			isa = XCBuildConfiguration;
			buildSettings = {
				ALWAYS_EMBED_SWIFT_STANDARD_LIBRARIES = YES;
				CLANG_ENABLE_MODULES = YES;
				CODE_SIGN_STYLE = Automatic;
				COMBINE_HIDPI_IMAGES = YES;
				DEVELOPMENT_TEAM = PF33M493XW;
				INFOPLIST_FILE = EssentialFeedTests/Info.plist;
				LD_RUNPATH_SEARCH_PATHS = (
					"$(inherited)",
					"@executable_path/../Frameworks",
					"@loader_path/../Frameworks",
				);
				PRODUCT_BUNDLE_IDENTIFIER = us.kostenko.EssentialFeedTests;
				PRODUCT_NAME = "$(TARGET_NAME)";
				SUPPORTED_PLATFORMS = "macosx iphonesimulator iphoneos";
				SWIFT_VERSION = 5.0;
			};
			name = Release;
		};
		84D06EEC26415FB10077087B /* Debug */ = {
			isa = XCBuildConfiguration;
			buildSettings = {
				CODE_SIGN_STYLE = Automatic;
				COMBINE_HIDPI_IMAGES = YES;
				DEVELOPMENT_TEAM = PF33M493XW;
				INFOPLIST_FILE = EssentialFeedCacheIntegrationTests/Info.plist;
				LD_RUNPATH_SEARCH_PATHS = (
					"$(inherited)",
					"@executable_path/../Frameworks",
					"@loader_path/../Frameworks",
				);
				PRODUCT_BUNDLE_IDENTIFIER = us.kostenko.EssentialFeedCacheIntegrationTests;
				PRODUCT_NAME = "$(TARGET_NAME)";
				SUPPORTED_PLATFORMS = "macosx iphonesimulator iphoneos";
				SWIFT_VERSION = 5.0;
			};
			name = Debug;
		};
		84D06EED26415FB10077087B /* Release */ = {
			isa = XCBuildConfiguration;
			buildSettings = {
				CODE_SIGN_STYLE = Automatic;
				COMBINE_HIDPI_IMAGES = YES;
				DEVELOPMENT_TEAM = PF33M493XW;
				INFOPLIST_FILE = EssentialFeedCacheIntegrationTests/Info.plist;
				LD_RUNPATH_SEARCH_PATHS = (
					"$(inherited)",
					"@executable_path/../Frameworks",
					"@loader_path/../Frameworks",
				);
				PRODUCT_BUNDLE_IDENTIFIER = us.kostenko.EssentialFeedCacheIntegrationTests;
				PRODUCT_NAME = "$(TARGET_NAME)";
				SUPPORTED_PLATFORMS = "macosx iphonesimulator iphoneos";
				SWIFT_VERSION = 5.0;
			};
			name = Release;
		};
/* End XCBuildConfiguration section */

/* Begin XCConfigurationList section */
		840B91502628021000772A98 /* Build configuration list for PBXNativeTarget "EssentialFeedAPIEndToEndTests" */ = {
			isa = XCConfigurationList;
			buildConfigurations = (
				840B91512628021000772A98 /* Debug */,
				840B91522628021000772A98 /* Release */,
			);
			defaultConfigurationIsVisible = 0;
			defaultConfigurationName = Release;
		};
		84B4EECC2648DE69002B726C /* Build configuration list for PBXNativeTarget "EssentialFeediOS" */ = {
			isa = XCConfigurationList;
			buildConfigurations = (
				84B4EECD2648DE69002B726C /* Debug */,
				84B4EECE2648DE69002B726C /* Release */,
			);
			defaultConfigurationIsVisible = 0;
			defaultConfigurationName = Release;
		};
		84B4EECF2648DE69002B726C /* Build configuration list for PBXNativeTarget "EssentialFeediOSTests" */ = {
			isa = XCConfigurationList;
			buildConfigurations = (
				84B4EED02648DE69002B726C /* Debug */,
				84B4EED12648DE69002B726C /* Release */,
			);
			defaultConfigurationIsVisible = 0;
			defaultConfigurationName = Release;
		};
		84BC21C3261F8DF4009FF718 /* Build configuration list for PBXProject "EssentialFeed" */ = {
			isa = XCConfigurationList;
			buildConfigurations = (
				84BC21DB261F8DF4009FF718 /* Debug */,
				84BC21DC261F8DF4009FF718 /* Release */,
			);
			defaultConfigurationIsVisible = 0;
			defaultConfigurationName = Release;
		};
		84BC21DD261F8DF4009FF718 /* Build configuration list for PBXNativeTarget "EssentialFeed" */ = {
			isa = XCConfigurationList;
			buildConfigurations = (
				84BC21DE261F8DF4009FF718 /* Debug */,
				84BC21DF261F8DF4009FF718 /* Release */,
			);
			defaultConfigurationIsVisible = 0;
			defaultConfigurationName = Release;
		};
		84BC21E0261F8DF4009FF718 /* Build configuration list for PBXNativeTarget "EssentialFeedTests" */ = {
			isa = XCConfigurationList;
			buildConfigurations = (
				84BC21E1261F8DF4009FF718 /* Debug */,
				84BC21E2261F8DF4009FF718 /* Release */,
			);
			defaultConfigurationIsVisible = 0;
			defaultConfigurationName = Release;
		};
		84D06EEB26415FB10077087B /* Build configuration list for PBXNativeTarget "EssentialFeedCacheIntegrationTests" */ = {
			isa = XCConfigurationList;
			buildConfigurations = (
				84D06EEC26415FB10077087B /* Debug */,
				84D06EED26415FB10077087B /* Release */,
			);
			defaultConfigurationIsVisible = 0;
			defaultConfigurationName = Release;
		};
/* End XCConfigurationList section */

/* Begin XCVersionGroup section */
		84D06EBC263FFBCF0077087B /* FeedStore.xcdatamodeld */ = {
			isa = XCVersionGroup;
			children = (
				84D06EBD263FFBCF0077087B /* FeedStore.xcdatamodel */,
			);
			currentVersion = 84D06EBD263FFBCF0077087B /* FeedStore.xcdatamodel */;
			path = FeedStore.xcdatamodeld;
			sourceTree = "<group>";
			versionGroupType = wrapper.xcdatamodel;
		};
/* End XCVersionGroup section */
	};
	rootObject = 84BC21C0261F8DF4009FF718 /* Project object */;
}
