// !$*UTF8*$!
{
	archiveVersion = 1;
	classes = {
	};
	objectVersion = 50;
	objects = {

/* Begin PBXBuildFile section */
		840B90E726261AC800772A98 /* XCTestCase+MemoryLeakTracking.swift in Sources */ = {isa = PBXBuildFile; fileRef = 840B90E626261AC800772A98 /* XCTestCase+MemoryLeakTracking.swift */; };
		840B90ED2626AEEE00772A98 /* URLSessionHTTPClient.swift in Sources */ = {isa = PBXBuildFile; fileRef = 840B90EC2626AEEE00772A98 /* URLSessionHTTPClient.swift */; };
		840B914B2628021000772A98 /* EssentialFeedAPIEndToEndTests.swift in Sources */ = {isa = PBXBuildFile; fileRef = 840B914A2628021000772A98 /* EssentialFeedAPIEndToEndTests.swift */; };
		840B914D2628021000772A98 /* EssentialFeed.framework in Frameworks */ = {isa = PBXBuildFile; fileRef = 84BC21C9261F8DF4009FF718 /* EssentialFeed.framework */; };
		840B915626280D2500772A98 /* XCTestCase+MemoryLeakTracking.swift in Sources */ = {isa = PBXBuildFile; fileRef = 840B90E626261AC800772A98 /* XCTestCase+MemoryLeakTracking.swift */; };
		845A99E82635727700B8C5EE /* FeedStoreSpecs.swift in Sources */ = {isa = PBXBuildFile; fileRef = 845A99E72635727700B8C5EE /* FeedStoreSpecs.swift */; };
		845A99ED2635735300B8C5EE /* XCTestCase+FeedStoreSpecs.swift in Sources */ = {isa = PBXBuildFile; fileRef = 845A99EC2635735300B8C5EE /* XCTestCase+FeedStoreSpecs.swift */; };
		845A99F22635DD7A00B8C5EE /* XCTestCase+FailableDeleteFeedStoreSpecs.swift in Sources */ = {isa = PBXBuildFile; fileRef = 845A99F12635DD7A00B8C5EE /* XCTestCase+FailableDeleteFeedStoreSpecs.swift */; };
		845A99F72635DECE00B8C5EE /* XCTestCase+FailableRetrieveFeedStoreSpecs.swift in Sources */ = {isa = PBXBuildFile; fileRef = 845A99F62635DECE00B8C5EE /* XCTestCase+FailableRetrieveFeedStoreSpecs.swift */; };
		84A05F2B262C87230061079E /* CacheFeedUseCaseTests.swift in Sources */ = {isa = PBXBuildFile; fileRef = 84A05F2A262C87230061079E /* CacheFeedUseCaseTests.swift */; };
		84A05F37262DAF140061079E /* LocalFeedLoader.swift in Sources */ = {isa = PBXBuildFile; fileRef = 84A05F36262DAF140061079E /* LocalFeedLoader.swift */; };
		84A05F3C262DB16A0061079E /* FeedStore.swift in Sources */ = {isa = PBXBuildFile; fileRef = 84A05F3B262DB16A0061079E /* FeedStore.swift */; };
		84A05F95262E0B1D0061079E /* RemoteFeedItem.swift in Sources */ = {isa = PBXBuildFile; fileRef = 84A05F94262E0B1D0061079E /* RemoteFeedItem.swift */; };
		84A05F9A262E0B6F0061079E /* LocalFeedImage.swift in Sources */ = {isa = PBXBuildFile; fileRef = 84A05F99262E0B6F0061079E /* LocalFeedImage.swift */; };
		84A05FA2262E9DC60061079E /* LoadFeedFromCacheUseCaseTests.swift in Sources */ = {isa = PBXBuildFile; fileRef = 84A05FA1262E9DC60061079E /* LoadFeedFromCacheUseCaseTests.swift */; };
		84A05FA8262EA06F0061079E /* FeedStoreSpy.swift in Sources */ = {isa = PBXBuildFile; fileRef = 84A05FA7262EA06F0061079E /* FeedStoreSpy.swift */; };
		84BC21D3261F8DF4009FF718 /* EssentialFeed.framework in Frameworks */ = {isa = PBXBuildFile; fileRef = 84BC21C9261F8DF4009FF718 /* EssentialFeed.framework */; };
		84BC21EA261F8E1D009FF718 /* FeedItem.swift in Sources */ = {isa = PBXBuildFile; fileRef = 84BC21E9261F8E1D009FF718 /* FeedItem.swift */; };
		84BC21EE261F8FF7009FF718 /* FeedLoader.swift in Sources */ = {isa = PBXBuildFile; fileRef = 84BC21ED261F8FF7009FF718 /* FeedLoader.swift */; };
		84BC21F5262016B8009FF718 /* LoadFeedFromRemoteUseCaseTests.swift in Sources */ = {isa = PBXBuildFile; fileRef = 84BC21F4262016B8009FF718 /* LoadFeedFromRemoteUseCaseTests.swift */; };
		84BC22212620D986009FF718 /* RemoteFeedLoader.swift in Sources */ = {isa = PBXBuildFile; fileRef = 84BC22202620D986009FF718 /* RemoteFeedLoader.swift */; };
		84BC22302622AFA0009FF718 /* HTTPClient.swift in Sources */ = {isa = PBXBuildFile; fileRef = 84BC222F2622AFA0009FF718 /* HTTPClient.swift */; };
		84BC22342622B034009FF718 /* FeedItemsMapper.swift in Sources */ = {isa = PBXBuildFile; fileRef = 84BC22332622B034009FF718 /* FeedItemsMapper.swift */; };
		84BCA2C12630A62D00FB29BC /* ValidateFeedCacheUseCaseTests.swift in Sources */ = {isa = PBXBuildFile; fileRef = 84BCA2C02630A62D00FB29BC /* ValidateFeedCacheUseCaseTests.swift */; };
		84BCA2C62630AC6500FB29BC /* FeedCacheTestHelpers.swift in Sources */ = {isa = PBXBuildFile; fileRef = 84BCA2C52630AC6500FB29BC /* FeedCacheTestHelpers.swift */; };
		84BCA2CB2630AE5400FB29BC /* SharedTestHelpers.swift in Sources */ = {isa = PBXBuildFile; fileRef = 84BCA2CA2630AE5400FB29BC /* SharedTestHelpers.swift */; };
		84BD65EC2624CC64001D85C4 /* URLSessionHTTPClientTest.swift in Sources */ = {isa = PBXBuildFile; fileRef = 84BD65EB2624CC64001D85C4 /* URLSessionHTTPClientTest.swift */; };
		84F707BC2631FE800000CE5D /* FeedCachePolicy.swift in Sources */ = {isa = PBXBuildFile; fileRef = 84F707BB2631FE800000CE5D /* FeedCachePolicy.swift */; };
		84F707C1263348DC0000CE5D /* CodableFeedStoreTests.swift in Sources */ = {isa = PBXBuildFile; fileRef = 84F707C0263348DC0000CE5D /* CodableFeedStoreTests.swift */; };
		84F707C6263496AE0000CE5D /* CodableFeedStore.swift in Sources */ = {isa = PBXBuildFile; fileRef = 84F707C5263496AE0000CE5D /* CodableFeedStore.swift */; };
/* End PBXBuildFile section */

/* Begin PBXContainerItemProxy section */
		840B914E2628021000772A98 /* PBXContainerItemProxy */ = {
			isa = PBXContainerItemProxy;
			containerPortal = 84BC21C0261F8DF4009FF718 /* Project object */;
			proxyType = 1;
			remoteGlobalIDString = 84BC21C8261F8DF4009FF718;
			remoteInfo = EssentialFeed;
		};
		84BC21D4261F8DF4009FF718 /* PBXContainerItemProxy */ = {
			isa = PBXContainerItemProxy;
			containerPortal = 84BC21C0261F8DF4009FF718 /* Project object */;
			proxyType = 1;
			remoteGlobalIDString = 84BC21C8261F8DF4009FF718;
			remoteInfo = EssentialFeed;
		};
/* End PBXContainerItemProxy section */

/* Begin PBXFileReference section */
		840B90E626261AC800772A98 /* XCTestCase+MemoryLeakTracking.swift */ = {isa = PBXFileReference; lastKnownFileType = sourcecode.swift; path = "XCTestCase+MemoryLeakTracking.swift"; sourceTree = "<group>"; };
		840B90EC2626AEEE00772A98 /* URLSessionHTTPClient.swift */ = {isa = PBXFileReference; lastKnownFileType = sourcecode.swift; path = URLSessionHTTPClient.swift; sourceTree = "<group>"; };
		840B91482628021000772A98 /* EssentialFeedAPIEndToEndTests.xctest */ = {isa = PBXFileReference; explicitFileType = wrapper.cfbundle; includeInIndex = 0; path = EssentialFeedAPIEndToEndTests.xctest; sourceTree = BUILT_PRODUCTS_DIR; };
		840B914A2628021000772A98 /* EssentialFeedAPIEndToEndTests.swift */ = {isa = PBXFileReference; lastKnownFileType = sourcecode.swift; path = EssentialFeedAPIEndToEndTests.swift; sourceTree = "<group>"; };
		840B914C2628021000772A98 /* Info.plist */ = {isa = PBXFileReference; lastKnownFileType = text.plist.xml; path = Info.plist; sourceTree = "<group>"; };
		845A99E72635727700B8C5EE /* FeedStoreSpecs.swift */ = {isa = PBXFileReference; lastKnownFileType = sourcecode.swift; path = FeedStoreSpecs.swift; sourceTree = "<group>"; };
		845A99EC2635735300B8C5EE /* XCTestCase+FeedStoreSpecs.swift */ = {isa = PBXFileReference; lastKnownFileType = sourcecode.swift; path = "XCTestCase+FeedStoreSpecs.swift"; sourceTree = "<group>"; };
		845A99F12635DD7A00B8C5EE /* XCTestCase+FailableDeleteFeedStoreSpecs.swift */ = {isa = PBXFileReference; lastKnownFileType = sourcecode.swift; path = "XCTestCase+FailableDeleteFeedStoreSpecs.swift"; sourceTree = "<group>"; };
		845A99F62635DECE00B8C5EE /* XCTestCase+FailableRetrieveFeedStoreSpecs.swift */ = {isa = PBXFileReference; lastKnownFileType = sourcecode.swift; path = "XCTestCase+FailableRetrieveFeedStoreSpecs.swift"; sourceTree = "<group>"; };
		84A05F2A262C87230061079E /* CacheFeedUseCaseTests.swift */ = {isa = PBXFileReference; lastKnownFileType = sourcecode.swift; path = CacheFeedUseCaseTests.swift; sourceTree = "<group>"; };
		84A05F36262DAF140061079E /* LocalFeedLoader.swift */ = {isa = PBXFileReference; lastKnownFileType = sourcecode.swift; path = LocalFeedLoader.swift; sourceTree = "<group>"; };
		84A05F3B262DB16A0061079E /* FeedStore.swift */ = {isa = PBXFileReference; lastKnownFileType = sourcecode.swift; path = FeedStore.swift; sourceTree = "<group>"; };
		84A05F94262E0B1D0061079E /* RemoteFeedItem.swift */ = {isa = PBXFileReference; lastKnownFileType = sourcecode.swift; path = RemoteFeedItem.swift; sourceTree = "<group>"; };
		84A05F99262E0B6F0061079E /* LocalFeedImage.swift */ = {isa = PBXFileReference; lastKnownFileType = sourcecode.swift; path = LocalFeedImage.swift; sourceTree = "<group>"; };
		84A05FA1262E9DC60061079E /* LoadFeedFromCacheUseCaseTests.swift */ = {isa = PBXFileReference; lastKnownFileType = sourcecode.swift; path = LoadFeedFromCacheUseCaseTests.swift; sourceTree = "<group>"; };
		84A05FA7262EA06F0061079E /* FeedStoreSpy.swift */ = {isa = PBXFileReference; lastKnownFileType = sourcecode.swift; path = FeedStoreSpy.swift; sourceTree = "<group>"; };
		84BC21C9261F8DF4009FF718 /* EssentialFeed.framework */ = {isa = PBXFileReference; explicitFileType = wrapper.framework; includeInIndex = 0; path = EssentialFeed.framework; sourceTree = BUILT_PRODUCTS_DIR; };
		84BC21CD261F8DF4009FF718 /* Info.plist */ = {isa = PBXFileReference; lastKnownFileType = text.plist.xml; path = Info.plist; sourceTree = "<group>"; };
		84BC21D2261F8DF4009FF718 /* EssentialFeedTests.xctest */ = {isa = PBXFileReference; explicitFileType = wrapper.cfbundle; includeInIndex = 0; path = EssentialFeedTests.xctest; sourceTree = BUILT_PRODUCTS_DIR; };
		84BC21D9261F8DF4009FF718 /* Info.plist */ = {isa = PBXFileReference; lastKnownFileType = text.plist.xml; path = Info.plist; sourceTree = "<group>"; };
		84BC21E9261F8E1D009FF718 /* FeedItem.swift */ = {isa = PBXFileReference; lastKnownFileType = sourcecode.swift; path = FeedItem.swift; sourceTree = "<group>"; };
		84BC21ED261F8FF7009FF718 /* FeedLoader.swift */ = {isa = PBXFileReference; lastKnownFileType = sourcecode.swift; path = FeedLoader.swift; sourceTree = "<group>"; };
		84BC21F4262016B8009FF718 /* LoadFeedFromRemoteUseCaseTests.swift */ = {isa = PBXFileReference; lastKnownFileType = sourcecode.swift; path = LoadFeedFromRemoteUseCaseTests.swift; sourceTree = "<group>"; };
		84BC22202620D986009FF718 /* RemoteFeedLoader.swift */ = {isa = PBXFileReference; lastKnownFileType = sourcecode.swift; path = RemoteFeedLoader.swift; sourceTree = "<group>"; };
		84BC222F2622AFA0009FF718 /* HTTPClient.swift */ = {isa = PBXFileReference; lastKnownFileType = sourcecode.swift; path = HTTPClient.swift; sourceTree = "<group>"; };
		84BC22332622B034009FF718 /* FeedItemsMapper.swift */ = {isa = PBXFileReference; lastKnownFileType = sourcecode.swift; path = FeedItemsMapper.swift; sourceTree = "<group>"; };
		84BCA2C02630A62D00FB29BC /* ValidateFeedCacheUseCaseTests.swift */ = {isa = PBXFileReference; lastKnownFileType = sourcecode.swift; path = ValidateFeedCacheUseCaseTests.swift; sourceTree = "<group>"; };
		84BCA2C52630AC6500FB29BC /* FeedCacheTestHelpers.swift */ = {isa = PBXFileReference; lastKnownFileType = sourcecode.swift; path = FeedCacheTestHelpers.swift; sourceTree = "<group>"; };
		84BCA2CA2630AE5400FB29BC /* SharedTestHelpers.swift */ = {isa = PBXFileReference; lastKnownFileType = sourcecode.swift; path = SharedTestHelpers.swift; sourceTree = "<group>"; };
		84BD65EB2624CC64001D85C4 /* URLSessionHTTPClientTest.swift */ = {isa = PBXFileReference; lastKnownFileType = sourcecode.swift; path = URLSessionHTTPClientTest.swift; sourceTree = "<group>"; };
		84F707BB2631FE800000CE5D /* FeedCachePolicy.swift */ = {isa = PBXFileReference; lastKnownFileType = sourcecode.swift; path = FeedCachePolicy.swift; sourceTree = "<group>"; };
		84F707C0263348DC0000CE5D /* CodableFeedStoreTests.swift */ = {isa = PBXFileReference; lastKnownFileType = sourcecode.swift; path = CodableFeedStoreTests.swift; sourceTree = "<group>"; };
		84F707C5263496AE0000CE5D /* CodableFeedStore.swift */ = {isa = PBXFileReference; lastKnownFileType = sourcecode.swift; path = CodableFeedStore.swift; sourceTree = "<group>"; };
/* End PBXFileReference section */

/* Begin PBXFrameworksBuildPhase section */
		840B91452628020F00772A98 /* Frameworks */ = {
			isa = PBXFrameworksBuildPhase;
			buildActionMask = 2147483647;
			files = (
				840B914D2628021000772A98 /* EssentialFeed.framework in Frameworks */,
			);
			runOnlyForDeploymentPostprocessing = 0;
		};
		84BC21C6261F8DF4009FF718 /* Frameworks */ = {
			isa = PBXFrameworksBuildPhase;
			buildActionMask = 2147483647;
			files = (
			);
			runOnlyForDeploymentPostprocessing = 0;
		};
		84BC21CF261F8DF4009FF718 /* Frameworks */ = {
			isa = PBXFrameworksBuildPhase;
			buildActionMask = 2147483647;
			files = (
				84BC21D3261F8DF4009FF718 /* EssentialFeed.framework in Frameworks */,
			);
			runOnlyForDeploymentPostprocessing = 0;
		};
/* End PBXFrameworksBuildPhase section */

/* Begin PBXGroup section */
		840B90E526261A9D00772A98 /* Helpers */ = {
			isa = PBXGroup;
			children = (
				840B90E626261AC800772A98 /* XCTestCase+MemoryLeakTracking.swift */,
				84BCA2CA2630AE5400FB29BC /* SharedTestHelpers.swift */,
			);
			path = Helpers;
			sourceTree = "<group>";
		};
		840B91492628021000772A98 /* EssentialFeedAPIEndToEndTests */ = {
			isa = PBXGroup;
			children = (
				840B914A2628021000772A98 /* EssentialFeedAPIEndToEndTests.swift */,
				840B914C2628021000772A98 /* Info.plist */,
			);
			path = EssentialFeedAPIEndToEndTests;
			sourceTree = "<group>";
		};
		84A05F29262C85C10061079E /* Feed Cache */ = {
			isa = PBXGroup;
			children = (
				84A05FA6262EA0590061079E /* Helpers */,
				84A05F2A262C87230061079E /* CacheFeedUseCaseTests.swift */,
				84A05FA1262E9DC60061079E /* LoadFeedFromCacheUseCaseTests.swift */,
				84BCA2C02630A62D00FB29BC /* ValidateFeedCacheUseCaseTests.swift */,
				84F707C0263348DC0000CE5D /* CodableFeedStoreTests.swift */,
				845A99E72635727700B8C5EE /* FeedStoreSpecs.swift */,
				845A99EC2635735300B8C5EE /* XCTestCase+FeedStoreSpecs.swift */,
				845A99F12635DD7A00B8C5EE /* XCTestCase+FailableDeleteFeedStoreSpecs.swift */,
				845A99F62635DECE00B8C5EE /* XCTestCase+FailableRetrieveFeedStoreSpecs.swift */,
			);
			path = "Feed Cache";
			sourceTree = "<group>";
		};
		84A05F35262DAEFF0061079E /* Feed Cache */ = {
			isa = PBXGroup;
			children = (
				84A05F36262DAF140061079E /* LocalFeedLoader.swift */,
				84A05F3B262DB16A0061079E /* FeedStore.swift */,
				84A05F99262E0B6F0061079E /* LocalFeedImage.swift */,
				84F707BB2631FE800000CE5D /* FeedCachePolicy.swift */,
				84F707C5263496AE0000CE5D /* CodableFeedStore.swift */,
			);
			path = "Feed Cache";
			sourceTree = "<group>";
		};
		84A05FA6262EA0590061079E /* Helpers */ = {
			isa = PBXGroup;
			children = (
				84A05FA7262EA06F0061079E /* FeedStoreSpy.swift */,
				84BCA2C52630AC6500FB29BC /* FeedCacheTestHelpers.swift */,
			);
			path = Helpers;
			sourceTree = "<group>";
		};
		84BC21BF261F8DF4009FF718 = {
			isa = PBXGroup;
			children = (
				84BC21CB261F8DF4009FF718 /* EssentialFeed */,
				84BC21D6261F8DF4009FF718 /* EssentialFeedTests */,
				840B91492628021000772A98 /* EssentialFeedAPIEndToEndTests */,
				84BC21CA261F8DF4009FF718 /* Products */,
			);
			sourceTree = "<group>";
		};
		84BC21CA261F8DF4009FF718 /* Products */ = {
			isa = PBXGroup;
			children = (
				84BC21C9261F8DF4009FF718 /* EssentialFeed.framework */,
				84BC21D2261F8DF4009FF718 /* EssentialFeedTests.xctest */,
				840B91482628021000772A98 /* EssentialFeedAPIEndToEndTests.xctest */,
			);
			name = Products;
			sourceTree = "<group>";
		};
		84BC21CB261F8DF4009FF718 /* EssentialFeed */ = {
			isa = PBXGroup;
			children = (
				84A05F35262DAEFF0061079E /* Feed Cache */,
				84BC21CD261F8DF4009FF718 /* Info.plist */,
				84BC21F1261F9229009FF718 /* Feed Feature */,
				84BC22242620D98C009FF718 /* Feed API */,
			);
			path = EssentialFeed;
			sourceTree = "<group>";
		};
		84BC21D6261F8DF4009FF718 /* EssentialFeedTests */ = {
			isa = PBXGroup;
			children = (
				840B90E526261A9D00772A98 /* Helpers */,
				84A05F29262C85C10061079E /* Feed Cache */,
				84BC21D9261F8DF4009FF718 /* Info.plist */,
				84BC22372622BD4A009FF718 /* Feed API */,
			);
			path = EssentialFeedTests;
			sourceTree = "<group>";
		};
		84BC21F1261F9229009FF718 /* Feed Feature */ = {
			isa = PBXGroup;
			children = (
				84BC21E9261F8E1D009FF718 /* FeedItem.swift */,
				84BC21ED261F8FF7009FF718 /* FeedLoader.swift */,
			);
			path = "Feed Feature";
			sourceTree = "<group>";
		};
		84BC22242620D98C009FF718 /* Feed API */ = {
			isa = PBXGroup;
			children = (
				84BC22202620D986009FF718 /* RemoteFeedLoader.swift */,
				84BC222F2622AFA0009FF718 /* HTTPClient.swift */,
				84BC22332622B034009FF718 /* FeedItemsMapper.swift */,
				840B90EC2626AEEE00772A98 /* URLSessionHTTPClient.swift */,
				84A05F94262E0B1D0061079E /* RemoteFeedItem.swift */,
			);
			path = "Feed API";
			sourceTree = "<group>";
		};
		84BC22372622BD4A009FF718 /* Feed API */ = {
			isa = PBXGroup;
			children = (
				84BC21F4262016B8009FF718 /* LoadFeedFromRemoteUseCaseTests.swift */,
				84BD65EB2624CC64001D85C4 /* URLSessionHTTPClientTest.swift */,
			);
			path = "Feed API";
			sourceTree = "<group>";
		};
/* End PBXGroup section */

/* Begin PBXHeadersBuildPhase section */
		84BC21C4261F8DF4009FF718 /* Headers */ = {
			isa = PBXHeadersBuildPhase;
			buildActionMask = 2147483647;
			files = (
			);
			runOnlyForDeploymentPostprocessing = 0;
		};
/* End PBXHeadersBuildPhase section */

/* Begin PBXNativeTarget section */
		840B91472628020F00772A98 /* EssentialFeedAPIEndToEndTests */ = {
			isa = PBXNativeTarget;
			buildConfigurationList = 840B91502628021000772A98 /* Build configuration list for PBXNativeTarget "EssentialFeedAPIEndToEndTests" */;
			buildPhases = (
				840B91442628020F00772A98 /* Sources */,
				840B91452628020F00772A98 /* Frameworks */,
				840B91462628020F00772A98 /* Resources */,
			);
			buildRules = (
			);
			dependencies = (
				840B914F2628021000772A98 /* PBXTargetDependency */,
			);
			name = EssentialFeedAPIEndToEndTests;
			productName = EssentialFeedAPIEndToEndTests;
			productReference = 840B91482628021000772A98 /* EssentialFeedAPIEndToEndTests.xctest */;
			productType = "com.apple.product-type.bundle.unit-test";
		};
		84BC21C8261F8DF4009FF718 /* EssentialFeed */ = {
			isa = PBXNativeTarget;
			buildConfigurationList = 84BC21DD261F8DF4009FF718 /* Build configuration list for PBXNativeTarget "EssentialFeed" */;
			buildPhases = (
				84BC21C4261F8DF4009FF718 /* Headers */,
				84BC21C5261F8DF4009FF718 /* Sources */,
				84BC21C6261F8DF4009FF718 /* Frameworks */,
				84BC21C7261F8DF4009FF718 /* Resources */,
			);
			buildRules = (
			);
			dependencies = (
			);
			name = EssentialFeed;
			productName = EssentialFeed;
			productReference = 84BC21C9261F8DF4009FF718 /* EssentialFeed.framework */;
			productType = "com.apple.product-type.framework";
		};
		84BC21D1261F8DF4009FF718 /* EssentialFeedTests */ = {
			isa = PBXNativeTarget;
			buildConfigurationList = 84BC21E0261F8DF4009FF718 /* Build configuration list for PBXNativeTarget "EssentialFeedTests" */;
			buildPhases = (
				84BC21CE261F8DF4009FF718 /* Sources */,
				84BC21CF261F8DF4009FF718 /* Frameworks */,
				84BC21D0261F8DF4009FF718 /* Resources */,
			);
			buildRules = (
			);
			dependencies = (
				84BC21D5261F8DF4009FF718 /* PBXTargetDependency */,
			);
			name = EssentialFeedTests;
			productName = EssentialFeedTests;
			productReference = 84BC21D2261F8DF4009FF718 /* EssentialFeedTests.xctest */;
			productType = "com.apple.product-type.bundle.unit-test";
		};
/* End PBXNativeTarget section */

/* Begin PBXProject section */
		84BC21C0261F8DF4009FF718 /* Project object */ = {
			isa = PBXProject;
			attributes = {
				LastSwiftUpdateCheck = 1240;
				LastUpgradeCheck = 1240;
				TargetAttributes = {
					840B91472628020F00772A98 = {
						CreatedOnToolsVersion = 12.4;
					};
					84BC21C8261F8DF4009FF718 = {
						CreatedOnToolsVersion = 12.4;
						LastSwiftMigration = 1240;
					};
					84BC21D1261F8DF4009FF718 = {
						CreatedOnToolsVersion = 12.4;
						LastSwiftMigration = 1240;
					};
				};
			};
			buildConfigurationList = 84BC21C3261F8DF4009FF718 /* Build configuration list for PBXProject "EssentialFeed" */;
			compatibilityVersion = "Xcode 9.3";
			developmentRegion = en;
			hasScannedForEncodings = 0;
			knownRegions = (
				en,
				Base,
			);
			mainGroup = 84BC21BF261F8DF4009FF718;
			productRefGroup = 84BC21CA261F8DF4009FF718 /* Products */;
			projectDirPath = "";
			projectRoot = "";
			targets = (
				84BC21C8261F8DF4009FF718 /* EssentialFeed */,
				84BC21D1261F8DF4009FF718 /* EssentialFeedTests */,
				840B91472628020F00772A98 /* EssentialFeedAPIEndToEndTests */,
			);
		};
/* End PBXProject section */

/* Begin PBXResourcesBuildPhase section */
		840B91462628020F00772A98 /* Resources */ = {
			isa = PBXResourcesBuildPhase;
			buildActionMask = 2147483647;
			files = (
			);
			runOnlyForDeploymentPostprocessing = 0;
		};
		84BC21C7261F8DF4009FF718 /* Resources */ = {
			isa = PBXResourcesBuildPhase;
			buildActionMask = 2147483647;
			files = (
			);
			runOnlyForDeploymentPostprocessing = 0;
		};
		84BC21D0261F8DF4009FF718 /* Resources */ = {
			isa = PBXResourcesBuildPhase;
			buildActionMask = 2147483647;
			files = (
			);
			runOnlyForDeploymentPostprocessing = 0;
		};
/* End PBXResourcesBuildPhase section */

/* Begin PBXSourcesBuildPhase section */
		840B91442628020F00772A98 /* Sources */ = {
			isa = PBXSourcesBuildPhase;
			buildActionMask = 2147483647;
			files = (
				840B914B2628021000772A98 /* EssentialFeedAPIEndToEndTests.swift in Sources */,
				840B915626280D2500772A98 /* XCTestCase+MemoryLeakTracking.swift in Sources */,
			);
			runOnlyForDeploymentPostprocessing = 0;
		};
		84BC21C5261F8DF4009FF718 /* Sources */ = {
			isa = PBXSourcesBuildPhase;
			buildActionMask = 2147483647;
			files = (
				84BC22342622B034009FF718 /* FeedItemsMapper.swift in Sources */,
				84BC21EE261F8FF7009FF718 /* FeedLoader.swift in Sources */,
				84A05F95262E0B1D0061079E /* RemoteFeedItem.swift in Sources */,
				84F707BC2631FE800000CE5D /* FeedCachePolicy.swift in Sources */,
				84BC22212620D986009FF718 /* RemoteFeedLoader.swift in Sources */,
				84A05F9A262E0B6F0061079E /* LocalFeedImage.swift in Sources */,
				84A05F3C262DB16A0061079E /* FeedStore.swift in Sources */,
				84A05F37262DAF140061079E /* LocalFeedLoader.swift in Sources */,
				84F707C6263496AE0000CE5D /* CodableFeedStore.swift in Sources */,
				84BC22302622AFA0009FF718 /* HTTPClient.swift in Sources */,
				84BC21EA261F8E1D009FF718 /* FeedItem.swift in Sources */,
				840B90ED2626AEEE00772A98 /* URLSessionHTTPClient.swift in Sources */,
			);
			runOnlyForDeploymentPostprocessing = 0;
		};
		84BC21CE261F8DF4009FF718 /* Sources */ = {
			isa = PBXSourcesBuildPhase;
			buildActionMask = 2147483647;
			files = (
				84F707C1263348DC0000CE5D /* CodableFeedStoreTests.swift in Sources */,
				845A99F22635DD7A00B8C5EE /* XCTestCase+FailableDeleteFeedStoreSpecs.swift in Sources */,
				84BCA2C62630AC6500FB29BC /* FeedCacheTestHelpers.swift in Sources */,
				845A99F72635DECE00B8C5EE /* XCTestCase+FailableRetrieveFeedStoreSpecs.swift in Sources */,
				84BCA2C12630A62D00FB29BC /* ValidateFeedCacheUseCaseTests.swift in Sources */,
				84BC21F5262016B8009FF718 /* LoadFeedFromRemoteUseCaseTests.swift in Sources */,
				84BD65EC2624CC64001D85C4 /* URLSessionHTTPClientTest.swift in Sources */,
				84A05FA8262EA06F0061079E /* FeedStoreSpy.swift in Sources */,
				84BCA2CB2630AE5400FB29BC /* SharedTestHelpers.swift in Sources */,
				84A05F2B262C87230061079E /* CacheFeedUseCaseTests.swift in Sources */,
				84A05FA2262E9DC60061079E /* LoadFeedFromCacheUseCaseTests.swift in Sources */,
				845A99E82635727700B8C5EE /* FeedStoreSpecs.swift in Sources */,
				840B90E726261AC800772A98 /* XCTestCase+MemoryLeakTracking.swift in Sources */,
				845A99ED2635735300B8C5EE /* XCTestCase+FeedStoreSpecs.swift in Sources */,
			);
			runOnlyForDeploymentPostprocessing = 0;
		};
/* End PBXSourcesBuildPhase section */

/* Begin PBXTargetDependency section */
		840B914F2628021000772A98 /* PBXTargetDependency */ = {
			isa = PBXTargetDependency;
			target = 84BC21C8261F8DF4009FF718 /* EssentialFeed */;
			targetProxy = 840B914E2628021000772A98 /* PBXContainerItemProxy */;
		};
		84BC21D5261F8DF4009FF718 /* PBXTargetDependency */ = {
			isa = PBXTargetDependency;
			target = 84BC21C8261F8DF4009FF718 /* EssentialFeed */;
			targetProxy = 84BC21D4261F8DF4009FF718 /* PBXContainerItemProxy */;
		};
/* End PBXTargetDependency section */

/* Begin XCBuildConfiguration section */
		840B91512628021000772A98 /* Debug */ = {
			isa = XCBuildConfiguration;
			buildSettings = {
				CODE_SIGN_STYLE = Automatic;
				COMBINE_HIDPI_IMAGES = YES;
				DEVELOPMENT_TEAM = PF33M493XW;
				INFOPLIST_FILE = EssentialFeedAPIEndToEndTests/Info.plist;
				LD_RUNPATH_SEARCH_PATHS = (
					"$(inherited)",
					"@executable_path/../Frameworks",
					"@loader_path/../Frameworks",
				);
				PRODUCT_BUNDLE_IDENTIFIER = us.kostenko.EssentialFeedAPIEndToEndTests;
				PRODUCT_NAME = "$(TARGET_NAME)";
				SWIFT_VERSION = 5.0;
			};
			name = Debug;
		};
		840B91522628021000772A98 /* Release */ = {
			isa = XCBuildConfiguration;
			buildSettings = {
				CODE_SIGN_STYLE = Automatic;
				COMBINE_HIDPI_IMAGES = YES;
				DEVELOPMENT_TEAM = PF33M493XW;
				INFOPLIST_FILE = EssentialFeedAPIEndToEndTests/Info.plist;
				LD_RUNPATH_SEARCH_PATHS = (
					"$(inherited)",
					"@executable_path/../Frameworks",
					"@loader_path/../Frameworks",
				);
				PRODUCT_BUNDLE_IDENTIFIER = us.kostenko.EssentialFeedAPIEndToEndTests;
				PRODUCT_NAME = "$(TARGET_NAME)";
				SWIFT_VERSION = 5.0;
			};
			name = Release;
		};
		84BC21DB261F8DF4009FF718 /* Debug */ = {
			isa = XCBuildConfiguration;
			buildSettings = {
				ALWAYS_SEARCH_USER_PATHS = NO;
				CLANG_ANALYZER_NONNULL = YES;
				CLANG_ANALYZER_NUMBER_OBJECT_CONVERSION = YES_AGGRESSIVE;
				CLANG_CXX_LANGUAGE_STANDARD = "gnu++14";
				CLANG_CXX_LIBRARY = "libc++";
				CLANG_ENABLE_MODULES = YES;
				CLANG_ENABLE_OBJC_ARC = YES;
				CLANG_ENABLE_OBJC_WEAK = YES;
				CLANG_WARN_BLOCK_CAPTURE_AUTORELEASING = YES;
				CLANG_WARN_BOOL_CONVERSION = YES;
				CLANG_WARN_COMMA = YES;
				CLANG_WARN_CONSTANT_CONVERSION = YES;
				CLANG_WARN_DEPRECATED_OBJC_IMPLEMENTATIONS = YES;
				CLANG_WARN_DIRECT_OBJC_ISA_USAGE = YES_ERROR;
				CLANG_WARN_DOCUMENTATION_COMMENTS = YES;
				CLANG_WARN_EMPTY_BODY = YES;
				CLANG_WARN_ENUM_CONVERSION = YES;
				CLANG_WARN_INFINITE_RECURSION = YES;
				CLANG_WARN_INT_CONVERSION = YES;
				CLANG_WARN_NON_LITERAL_NULL_CONVERSION = YES;
				CLANG_WARN_OBJC_IMPLICIT_RETAIN_SELF = YES;
				CLANG_WARN_OBJC_LITERAL_CONVERSION = YES;
				CLANG_WARN_OBJC_ROOT_CLASS = YES_ERROR;
				CLANG_WARN_QUOTED_INCLUDE_IN_FRAMEWORK_HEADER = YES;
				CLANG_WARN_RANGE_LOOP_ANALYSIS = YES;
				CLANG_WARN_STRICT_PROTOTYPES = YES;
				CLANG_WARN_SUSPICIOUS_MOVE = YES;
				CLANG_WARN_UNGUARDED_AVAILABILITY = YES_AGGRESSIVE;
				CLANG_WARN_UNREACHABLE_CODE = YES;
				CLANG_WARN__DUPLICATE_METHOD_MATCH = YES;
				COPY_PHASE_STRIP = NO;
				CURRENT_PROJECT_VERSION = 1;
				DEBUG_INFORMATION_FORMAT = dwarf;
				ENABLE_STRICT_OBJC_MSGSEND = YES;
				ENABLE_TESTABILITY = YES;
				GCC_C_LANGUAGE_STANDARD = gnu11;
				GCC_DYNAMIC_NO_PIC = NO;
				GCC_NO_COMMON_BLOCKS = YES;
				GCC_OPTIMIZATION_LEVEL = 0;
				GCC_PREPROCESSOR_DEFINITIONS = (
					"DEBUG=1",
					"$(inherited)",
				);
				GCC_WARN_64_TO_32_BIT_CONVERSION = YES;
				GCC_WARN_ABOUT_RETURN_TYPE = YES_ERROR;
				GCC_WARN_UNDECLARED_SELECTOR = YES;
				GCC_WARN_UNINITIALIZED_AUTOS = YES_AGGRESSIVE;
				GCC_WARN_UNUSED_FUNCTION = YES;
				GCC_WARN_UNUSED_VARIABLE = YES;
				MACOSX_DEPLOYMENT_TARGET = 10.15;
				MTL_ENABLE_DEBUG_INFO = INCLUDE_SOURCE;
				MTL_FAST_MATH = YES;
				ONLY_ACTIVE_ARCH = YES;
				SDKROOT = macosx;
				SWIFT_ACTIVE_COMPILATION_CONDITIONS = DEBUG;
				SWIFT_OPTIMIZATION_LEVEL = "-Onone";
				VERSIONING_SYSTEM = "apple-generic";
				VERSION_INFO_PREFIX = "";
			};
			name = Debug;
		};
		84BC21DC261F8DF4009FF718 /* Release */ = {
			isa = XCBuildConfiguration;
			buildSettings = {
				ALWAYS_SEARCH_USER_PATHS = NO;
				CLANG_ANALYZER_NONNULL = YES;
				CLANG_ANALYZER_NUMBER_OBJECT_CONVERSION = YES_AGGRESSIVE;
				CLANG_CXX_LANGUAGE_STANDARD = "gnu++14";
				CLANG_CXX_LIBRARY = "libc++";
				CLANG_ENABLE_MODULES = YES;
				CLANG_ENABLE_OBJC_ARC = YES;
				CLANG_ENABLE_OBJC_WEAK = YES;
				CLANG_WARN_BLOCK_CAPTURE_AUTORELEASING = YES;
				CLANG_WARN_BOOL_CONVERSION = YES;
				CLANG_WARN_COMMA = YES;
				CLANG_WARN_CONSTANT_CONVERSION = YES;
				CLANG_WARN_DEPRECATED_OBJC_IMPLEMENTATIONS = YES;
				CLANG_WARN_DIRECT_OBJC_ISA_USAGE = YES_ERROR;
				CLANG_WARN_DOCUMENTATION_COMMENTS = YES;
				CLANG_WARN_EMPTY_BODY = YES;
				CLANG_WARN_ENUM_CONVERSION = YES;
				CLANG_WARN_INFINITE_RECURSION = YES;
				CLANG_WARN_INT_CONVERSION = YES;
				CLANG_WARN_NON_LITERAL_NULL_CONVERSION = YES;
				CLANG_WARN_OBJC_IMPLICIT_RETAIN_SELF = YES;
				CLANG_WARN_OBJC_LITERAL_CONVERSION = YES;
				CLANG_WARN_OBJC_ROOT_CLASS = YES_ERROR;
				CLANG_WARN_QUOTED_INCLUDE_IN_FRAMEWORK_HEADER = YES;
				CLANG_WARN_RANGE_LOOP_ANALYSIS = YES;
				CLANG_WARN_STRICT_PROTOTYPES = YES;
				CLANG_WARN_SUSPICIOUS_MOVE = YES;
				CLANG_WARN_UNGUARDED_AVAILABILITY = YES_AGGRESSIVE;
				CLANG_WARN_UNREACHABLE_CODE = YES;
				CLANG_WARN__DUPLICATE_METHOD_MATCH = YES;
				COPY_PHASE_STRIP = NO;
				CURRENT_PROJECT_VERSION = 1;
				DEBUG_INFORMATION_FORMAT = "dwarf-with-dsym";
				ENABLE_NS_ASSERTIONS = NO;
				ENABLE_STRICT_OBJC_MSGSEND = YES;
				GCC_C_LANGUAGE_STANDARD = gnu11;
				GCC_NO_COMMON_BLOCKS = YES;
				GCC_WARN_64_TO_32_BIT_CONVERSION = YES;
				GCC_WARN_ABOUT_RETURN_TYPE = YES_ERROR;
				GCC_WARN_UNDECLARED_SELECTOR = YES;
				GCC_WARN_UNINITIALIZED_AUTOS = YES_AGGRESSIVE;
				GCC_WARN_UNUSED_FUNCTION = YES;
				GCC_WARN_UNUSED_VARIABLE = YES;
				MACOSX_DEPLOYMENT_TARGET = 10.15;
				MTL_ENABLE_DEBUG_INFO = NO;
				MTL_FAST_MATH = YES;
				SDKROOT = macosx;
				SWIFT_COMPILATION_MODE = wholemodule;
				SWIFT_OPTIMIZATION_LEVEL = "-O";
				VERSIONING_SYSTEM = "apple-generic";
				VERSION_INFO_PREFIX = "";
			};
			name = Release;
		};
		84BC21DE261F8DF4009FF718 /* Debug */ = {
			isa = XCBuildConfiguration;
			buildSettings = {
				CLANG_ENABLE_MODULES = YES;
				CODE_SIGN_STYLE = Automatic;
				COMBINE_HIDPI_IMAGES = YES;
				DEFINES_MODULE = YES;
				DEVELOPMENT_TEAM = PF33M493XW;
				DYLIB_COMPATIBILITY_VERSION = 1;
				DYLIB_CURRENT_VERSION = 1;
				DYLIB_INSTALL_NAME_BASE = "@rpath";
				INFOPLIST_FILE = EssentialFeed/Info.plist;
				INSTALL_PATH = "$(LOCAL_LIBRARY_DIR)/Frameworks";
				LD_RUNPATH_SEARCH_PATHS = (
					"$(inherited)",
					"@executable_path/../Frameworks",
					"@loader_path/Frameworks",
				);
				MACOSX_DEPLOYMENT_TARGET = 10.14;
				PRODUCT_BUNDLE_IDENTIFIER = us.kostenko.EssentialFeed;
				PRODUCT_NAME = "$(TARGET_NAME:c99extidentifier)";
				SKIP_INSTALL = YES;
				SWIFT_OPTIMIZATION_LEVEL = "-Onone";
				SWIFT_VERSION = 5.0;
			};
			name = Debug;
		};
		84BC21DF261F8DF4009FF718 /* Release */ = {
			isa = XCBuildConfiguration;
			buildSettings = {
				CLANG_ENABLE_MODULES = YES;
				CODE_SIGN_STYLE = Automatic;
				COMBINE_HIDPI_IMAGES = YES;
				DEFINES_MODULE = YES;
				DEVELOPMENT_TEAM = PF33M493XW;
				DYLIB_COMPATIBILITY_VERSION = 1;
				DYLIB_CURRENT_VERSION = 1;
				DYLIB_INSTALL_NAME_BASE = "@rpath";
				INFOPLIST_FILE = EssentialFeed/Info.plist;
				INSTALL_PATH = "$(LOCAL_LIBRARY_DIR)/Frameworks";
				LD_RUNPATH_SEARCH_PATHS = (
					"$(inherited)",
					"@executable_path/../Frameworks",
					"@loader_path/Frameworks",
				);
				MACOSX_DEPLOYMENT_TARGET = 10.14;
				PRODUCT_BUNDLE_IDENTIFIER = us.kostenko.EssentialFeed;
				PRODUCT_NAME = "$(TARGET_NAME:c99extidentifier)";
				SKIP_INSTALL = YES;
				SWIFT_VERSION = 5.0;
			};
			name = Release;
		};
		84BC21E1261F8DF4009FF718 /* Debug */ = {
			isa = XCBuildConfiguration;
			buildSettings = {
				ALWAYS_EMBED_SWIFT_STANDARD_LIBRARIES = YES;
				CLANG_ENABLE_MODULES = YES;
				CODE_SIGN_STYLE = Automatic;
				COMBINE_HIDPI_IMAGES = YES;
				DEVELOPMENT_TEAM = PF33M493XW;
				INFOPLIST_FILE = EssentialFeedTests/Info.plist;
				LD_RUNPATH_SEARCH_PATHS = (
					"$(inherited)",
					"@executable_path/../Frameworks",
					"@loader_path/../Frameworks",
				);
				PRODUCT_BUNDLE_IDENTIFIER = us.kostenko.EssentialFeedTests;
				PRODUCT_NAME = "$(TARGET_NAME)";
				SWIFT_OPTIMIZATION_LEVEL = "-Onone";
				SWIFT_VERSION = 5.0;
			};
			name = Debug;
		};
		84BC21E2261F8DF4009FF718 /* Release */ = {
			isa = XCBuildConfiguration;
			buildSettings = {
				ALWAYS_EMBED_SWIFT_STANDARD_LIBRARIES = YES;
				CLANG_ENABLE_MODULES = YES;
				CODE_SIGN_STYLE = Automatic;
				COMBINE_HIDPI_IMAGES = YES;
				DEVELOPMENT_TEAM = PF33M493XW;
				INFOPLIST_FILE = EssentialFeedTests/Info.plist;
				LD_RUNPATH_SEARCH_PATHS = (
					"$(inherited)",
					"@executable_path/../Frameworks",
					"@loader_path/../Frameworks",
				);
				PRODUCT_BUNDLE_IDENTIFIER = us.kostenko.EssentialFeedTests;
				PRODUCT_NAME = "$(TARGET_NAME)";
				SWIFT_VERSION = 5.0;
			};
			name = Release;
		};
/* End XCBuildConfiguration section */

/* Begin XCConfigurationList section */
		840B91502628021000772A98 /* Build configuration list for PBXNativeTarget "EssentialFeedAPIEndToEndTests" */ = {
			isa = XCConfigurationList;
			buildConfigurations = (
				840B91512628021000772A98 /* Debug */,
				840B91522628021000772A98 /* Release */,
			);
			defaultConfigurationIsVisible = 0;
			defaultConfigurationName = Release;
		};
		84BC21C3261F8DF4009FF718 /* Build configuration list for PBXProject "EssentialFeed" */ = {
			isa = XCConfigurationList;
			buildConfigurations = (
				84BC21DB261F8DF4009FF718 /* Debug */,
				84BC21DC261F8DF4009FF718 /* Release */,
			);
			defaultConfigurationIsVisible = 0;
			defaultConfigurationName = Release;
		};
		84BC21DD261F8DF4009FF718 /* Build configuration list for PBXNativeTarget "EssentialFeed" */ = {
			isa = XCConfigurationList;
			buildConfigurations = (
				84BC21DE261F8DF4009FF718 /* Debug */,
				84BC21DF261F8DF4009FF718 /* Release */,
			);
			defaultConfigurationIsVisible = 0;
			defaultConfigurationName = Release;
		};
		84BC21E0261F8DF4009FF718 /* Build configuration list for PBXNativeTarget "EssentialFeedTests" */ = {
			isa = XCConfigurationList;
			buildConfigurations = (
				84BC21E1261F8DF4009FF718 /* Debug */,
				84BC21E2261F8DF4009FF718 /* Release */,
			);
			defaultConfigurationIsVisible = 0;
			defaultConfigurationName = Release;
		};
/* End XCConfigurationList section */
	};
	rootObject = 84BC21C0261F8DF4009FF718 /* Project object */;
}
